// !$*UTF8*$!
{
	archiveVersion = 1;
	classes = {
	};
	objectVersion = 38;
	objects = {
		0249A660FF388D4511CA2CEA = {
			isa = PBXExecutableFileReference;
			path = SimpleXPathAPI;
			refType = 3;
		};
		0249A662FF388D9811CA2CEA = {
			children = (
				2EFC66CA04AB85FF0010AC9C,
				2EFC66CC04AB860F0010AC9C,
			);
			isa = PBXGroup;
			name = "External Frameworks and Libraries";
			refType = 4;
		};
//020
//021
//022
//023
//024
//080
//081
//082
//083
//084
		08FB7793FE84155DC02AAC07 = {
			buildStyles = (
				32D0C9130081428B7F000001,
				32D0C9140081428B7F000001,
				F58B304702DE343B0195DDC8,
				F58B304802DE34410195DDC8,
			);
			hasScannedForEncodings = 1;
			isa = PBXProject;
			mainGroup = 08FB7794FE84155DC02AAC07;
			projectDirPath = "";
			targets = (
				08FB779FFE84155DC02AAC07,
			);
		};
		08FB7794FE84155DC02AAC07 = {
			children = (
				F52345F503AE603601A80065,
				2EFC66C404AB83D60010AC9C,
				2EFC66C304AB83D60010AC9C,
				0249A662FF388D9811CA2CEA,
				1AB674ADFE9D54B511CA2CBB,
			);
			isa = PBXGroup;
			name = SimpleXPathAPI;
			path = ../../../../../samples/SimpleXPathAPI;
			refType = 2;
		};
		08FB779FFE84155DC02AAC07 = {
			buildPhases = (
				08FB77A0FE84155DC02AAC07,
				08FB77A1FE84155DC02AAC07,
				08FB77A3FE84155DC02AAC07,
				08FB77A5FE84155DC02AAC07,
			);
			buildSettings = {
				FRAMEWORK_SEARCH_PATHS = "";
				HEADER_SEARCH_PATHS = "../../../../../src/ ../../../../../../../xerces-c-src_2_2_0/src";
				LIBRARY_SEARCH_PATHS = "";
				OTHER_CFLAGS = "";
				OTHER_LDFLAGS = "";
				OTHER_REZFLAGS = "";
				PREBINDING = NO;
				PRECOMPILE_PREFIX_HEADER = YES;
				PREFIX_HEADER = ../xalan_sample_prefix.h;
				PRODUCT_NAME = SimpleXPathAPI;
				REZ_EXECUTABLE = YES;
				SECTORDER_FLAGS = "";
				USE_GCC3_PFE_SUPPORT = YES;
				WARNING_CFLAGS = "-Wmost -Wno-four-char-constants -Wno-unknown-pragmas";
			};
			dependencies = (
			);
			isa = PBXToolTarget;
			name = SimpleXPathAPI;
			productName = SimpleXPathAPI;
			productReference = 0249A660FF388D4511CA2CEA;
		};
		08FB77A0FE84155DC02AAC07 = {
			buildActionMask = 2147483647;
			files = (
				F52345F603AE603601A80065,
			);
			isa = PBXHeadersBuildPhase;
			runOnlyForDeploymentPostprocessing = 0;
		};
		08FB77A1FE84155DC02AAC07 = {
			buildActionMask = 2147483647;
			files = (
				2EFC66C704AB83D60010AC9C,
			);
			isa = PBXSourcesBuildPhase;
			runOnlyForDeploymentPostprocessing = 0;
		};
		08FB77A3FE84155DC02AAC07 = {
			buildActionMask = 2147483647;
			files = (
				2EFC66CB04AB85FF0010AC9C,
				2EFC66CD04AB860F0010AC9C,
			);
			isa = PBXFrameworksBuildPhase;
			runOnlyForDeploymentPostprocessing = 0;
		};
		08FB77A5FE84155DC02AAC07 = {
			buildActionMask = 2147483647;
			files = (
			);
			isa = PBXRezBuildPhase;
			runOnlyForDeploymentPostprocessing = 0;
		};
//080
//081
//082
//083
//084
//1A0
//1A1
//1A2
//1A3
//1A4
		1AB674ADFE9D54B511CA2CBB = {
			children = (
				0249A660FF388D4511CA2CEA,
			);
			isa = PBXGroup;
			name = Products;
			refType = 4;
		};
//1A0
//1A1
//1A2
//1A3
//1A4
//2E0
//2E1
//2E2
//2E3
//2E4
		2EFC66C304AB83D60010AC9C = {
			children = (
				2EFC66C504AB83D60010AC9C,
			);
			isa = PBXGroup;
			name = SimpleXPathAPI;
			path = "";
			refType = 4;
		};
		2EFC66C404AB83D60010AC9C = {
			fileEncoding = 30;
			isa = PBXFileReference;
			path = foo.xml;
			refType = 4;
		};
		2EFC66C504AB83D60010AC9C = {
			fileEncoding = 30;
			isa = PBXFileReference;
			path = SimpleXPathAPI.cpp;
			refType = 4;
		};
		2EFC66C704AB83D60010AC9C = {
			fileRef = 2EFC66C504AB83D60010AC9C;
			isa = PBXBuildFile;
			settings = {
			};
		};
		2EFC66CA04AB85FF0010AC9C = {
			isa = PBXFrameworkReference;
			path = Xerces.framework;
			refType = 3;
		};
		2EFC66CB04AB85FF0010AC9C = {
			fileRef = 2EFC66CA04AB85FF0010AC9C;
			isa = PBXBuildFile;
			settings = {
			};
		};
		2EFC66CC04AB860F0010AC9C = {
			isa = PBXFrameworkReference;
			path = Xalan.framework;
			refType = 3;
		};
		2EFC66CD04AB860F0010AC9C = {
			fileRef = 2EFC66CC04AB860F0010AC9C;
			isa = PBXBuildFile;
			settings = {
			};
		};
//2E0
//2E1
//2E2
//2E3
//2E4
//320
//321
//322
//323
//324
		32D0C9130081428B7F000001 = {
			buildRules = (
			);
			buildSettings = {
				COPY_PHASE_STRIP = NO;
				GCC_VERSION = 2.x;
				OPTIMIZATION_CFLAGS = "-O0";
			};
			isa = PBXBuildStyle;
			name = "Development GCC2";
		};
		32D0C9140081428B7F000001 = {
			buildRules = (
			);
			buildSettings = {
				COPY_PHASE_STRIP = YES;
				GCC_VERSION = 2.x;
			};
			isa = PBXBuildStyle;
			name = "Deployment GCC2";
		};
//320
//321
//322
//323
//324
//F50
//F51
//F52
//F53
//F54
		F52345F503AE603601A80065 = {
			fileEncoding = 30;
			isa = PBXFileReference;
			name = xalan_sample_prefix.h;
			path = ../xalan_sample_prefix.h;
			refType = 2;
		};
		F52345F603AE603601A80065 = {
			fileRef = F52345F503AE603601A80065;
			isa = PBXBuildFile;
			settings = {
			};
		};
		F58B304702DE343B0195DDC8 = {
			buildRules = (
			);
			buildSettings = {
				COPY_PHASE_STRIP = NO;
				OPTIMIZATION_CFLAGS = "-O0";
			};
			isa = PBXBuildStyle;
			name = "Development GCC3";
		};
		F58B304802DE34410195DDC8 = {
			buildRules = (
			);
			buildSettings = {
				COPY_PHASE_STRIP = YES;
			};
			isa = PBXBuildStyle;
			name = "Deployment GCC3";
		};
	};
	rootObject = 08FB7793FE84155DC02AAC07;
}
