Microsoft Visual Studio Solution File, Format Version 11.00
# Visual Studio 2010
Project("{8BC9CEB8-8B4A-11D0-8D11-00A0C91BC942}") = "DateTimeLib", "DateTimeLib\DateTimeLib.vcxproj", "{A40D54D7-2E85-4E56-BC7E-B672FEAB24B6}"
EndProject
Project("{8BC9CEB8-8B4A-11D0-8D11-00A0C91BC942}") = "TestDateTime", "TestDateTime\TestDateTime.vcxproj", "{C3FE428D-14A7-47EE-AB3E-F6ABBF521963}"
EndProject
Global
	GlobalSection(SolutionConfigurationPlatforms) = preSolution
		Debug|Win32 = Debug|Win32
		Release|Win32 = Release|Win32
	EndGlobalSection
	GlobalSection(ProjectConfigurationPlatforms) = postSolution
		{A40D54D7-2E85-4E56-BC7E-B672FEAB24B6}.Debug|Win32.ActiveCfg = Debug|Win32
		{A40D54D7-2E85-4E56-BC7E-B672FEAB24B6}.Debug|Win32.Build.0 = Debug|Win32
		{A40D54D7-2E85-4E56-BC7E-B672FEAB24B6}.Release|Win32.ActiveCfg = Release|Win32
		{A40D54D7-2E85-4E56-BC7E-B672FEAB24B6}.Release|Win32.Build.0 = Release|Win32
		{C3FE428D-14A7-47EE-AB3E-F6ABBF521963}.Debug|Win32.ActiveCfg = Debug|Win32
		{C3FE428D-14A7-47EE-AB3E-F6ABBF521963}.Debug|Win32.Build.0 = Debug|Win32
		{C3FE428D-14A7-47EE-AB3E-F6ABBF521963}.Release|Win32.ActiveCfg = Release|Win32
		{C3FE428D-14A7-47EE-AB3E-F6ABBF521963}.Release|Win32.Build.0 = Release|Win32
	EndGlobalSection
	GlobalSection(SolutionProperties) = preSolution
		HideSolutionNode = FALSE
	EndGlobalSection
EndGlobal
