Microsoft Visual Studio Solution File, Format Version 7.00
Project("{8BC9CEB8-8B4A-11D0-8D11-00A0C91BC942}") = "ApacheModuleXSLT", "ApacheModuleXSLT\ApacheModuleXSLT.vcproj", "{A8284874-CFB5-41FD-8E72-AD6A838C816C}"
EndProject
Project("{8BC9CEB8-8B4A-11D0-8D11-00A0C91BC942}") = "CompileStylesheet", "CompileStylesheet\CompileStylesheet.vcproj", "{3DC27ECE-4DBE-4AD4-B2B4-4A086FB61267}"
EndProject
Project("{8BC9CEB8-8B4A-11D0-8D11-00A0C91BC942}") = "DocumentBuilder", "DocumentBuilder\DocumentBuilder.vcproj", "{6E1A24F0-CFA1-4911-9E63-96288FDD4C38}"
EndProject
Project("{8BC9CEB8-8B4A-11D0-8D11-00A0C91BC942}") = "ExternalFunction", "ExternalFunction\ExternalFunction.vcproj", "{DD67E298-35BF-4469-9922-B659F9C9860C}"
EndProject
Project("{8BC9CEB8-8B4A-11D0-8D11-00A0C91BC942}") = "ParsedSourceWrappers", "ParsedSourceWrappers\ParsedSourceWrappers.vcproj", "{498E25C6-B035-4443-8150-7945CF21E329}"
EndProject
Project("{8BC9CEB8-8B4A-11D0-8D11-00A0C91BC942}") = "SerializeNodeSet", "SerializeNodeSet\SerializeNodeSet.vcproj", "{A2A3D6D8-67D9-4228-BEB5-FD796234CD52}"
EndProject
Project("{8BC9CEB8-8B4A-11D0-8D11-00A0C91BC942}") = "SimpleTransform", "SimpleTransform\SimpleTransform.vcproj", "{64695B13-26B0-4787-B5AF-AB61647EB405}"
EndProject
Project("{8BC9CEB8-8B4A-11D0-8D11-00A0C91BC942}") = "SimpleXPathAPI", "SimpleXPathAPI\SimpleXPathAPI.vcproj", "{3E4DA3F3-BD46-46B8-A7A6-C0F7BF9491B4}"
EndProject
Project("{8BC9CEB8-8B4A-11D0-8D11-00A0C91BC942}") = "SimpleXPathCAPI", "SimpleXPathCAPI\SimpleXPathCAPI.vcproj", "{627435B4-77FB-48BB-B309-89D23B1CE5C7}"
EndProject
Project("{8BC9CEB8-8B4A-11D0-8D11-00A0C91BC942}") = "StreamTransform", "StreamTransform\StreamTransform.vcproj", "{CE02EB6C-D359-4FFB-B930-4CD0D022B451}"
EndProject
Project("{8BC9CEB8-8B4A-11D0-8D11-00A0C91BC942}") = "XPathWrapper", "XPathWrapper\XPathWrapper.vcproj", "{767965CE-82EF-489E-9515-F62A9263CFE5}"
EndProject
Project("{8BC9CEB8-8B4A-11D0-8D11-00A0C91BC942}") = "ThreadSafe", "ThreadSafe\ThreadSafe.vcproj", "{B12FE83A-5F95-4F36-B907-BE329CA42E8A}"
EndProject
Project("{8BC9CEB8-8B4A-11D0-8D11-00A0C91BC942}") = "TraceListen", "TraceListen\TraceListen.vcproj", "{2C17C008-6672-42E9-99A2-064A5873B214}"
EndProject
Project("{8BC9CEB8-8B4A-11D0-8D11-00A0C91BC942}") = "TransformToXercesDOM", "TransformToXercesDOM\TransformToXercesDOM.vcproj", "{3C001E78-9671-4A47-BE6E-B3792B788950}"
EndProject
Project("{8BC9CEB8-8B4A-11D0-8D11-00A0C91BC942}") = "UseStylesheetParam", "UseStylesheetParam\UseStylesheetParam.vcproj", "{A721EB0E-4B6E-441E-A3C4-91ED7BDBF85D}"
EndProject
Project("{8BC9CEB8-8B4A-11D0-8D11-00A0C91BC942}") = "XalanTransform", "XalanTransform\XalanTransform.vcproj", "{EB362ABE-B0C5-416B-AD32-9AE5470BA1CD}"
EndProject
Project("{8BC9CEB8-8B4A-11D0-8D11-00A0C91BC942}") = "XalanTransformerCallback", "XalanTransformerCallback\XalanTransformerCallback.vcproj", "{B49020C9-BBCA-4D5C-8276-CF217C90BF5E}"
EndProject
Global
	GlobalSection(SolutionConfiguration) = preSolution
		ConfigName.0 = Debug
		ConfigName.1 = Release
	EndGlobalSection
	GlobalSection(ProjectDependencies) = postSolution
	EndGlobalSection
	GlobalSection(ProjectConfiguration) = postSolution
		{A8284874-CFB5-41FD-8E72-AD6A838C816C}.Debug.ActiveCfg = Debug|Win32
		{A8284874-CFB5-41FD-8E72-AD6A838C816C}.Debug.Build.0 = Debug|Win32
		{A8284874-CFB5-41FD-8E72-AD6A838C816C}.Release.ActiveCfg = Release|Win32
		{A8284874-CFB5-41FD-8E72-AD6A838C816C}.Release.Build.0 = Release|Win32
		{3DC27ECE-4DBE-4AD4-B2B4-4A086FB61267}.Debug.ActiveCfg = Debug|Win32
		{3DC27ECE-4DBE-4AD4-B2B4-4A086FB61267}.Debug.Build.0 = Debug|Win32
		{3DC27ECE-4DBE-4AD4-B2B4-4A086FB61267}.Release.ActiveCfg = Release|Win32
		{3DC27ECE-4DBE-4AD4-B2B4-4A086FB61267}.Release.Build.0 = Release|Win32
		{6E1A24F0-CFA1-4911-9E63-96288FDD4C38}.Debug.ActiveCfg = Debug|Win32
		{6E1A24F0-CFA1-4911-9E63-96288FDD4C38}.Debug.Build.0 = Debug|Win32
		{6E1A24F0-CFA1-4911-9E63-96288FDD4C38}.Release.ActiveCfg = Release|Win32
		{6E1A24F0-CFA1-4911-9E63-96288FDD4C38}.Release.Build.0 = Release|Win32
		{DD67E298-35BF-4469-9922-B659F9C9860C}.Debug.ActiveCfg = Debug|Win32
		{DD67E298-35BF-4469-9922-B659F9C9860C}.Debug.Build.0 = Debug|Win32
		{DD67E298-35BF-4469-9922-B659F9C9860C}.Release.ActiveCfg = Release|Win32
		{DD67E298-35BF-4469-9922-B659F9C9860C}.Release.Build.0 = Release|Win32
		{498E25C6-B035-4443-8150-7945CF21E329}.Debug.ActiveCfg = Debug|Win32
		{498E25C6-B035-4443-8150-7945CF21E329}.Debug.Build.0 = Debug|Win32
		{498E25C6-B035-4443-8150-7945CF21E329}.Release.ActiveCfg = Release|Win32
		{498E25C6-B035-4443-8150-7945CF21E329}.Release.Build.0 = Release|Win32
		{A2A3D6D8-67D9-4228-BEB5-FD796234CD52}.Debug.ActiveCfg = Debug|Win32
		{A2A3D6D8-67D9-4228-BEB5-FD796234CD52}.Debug.Build.0 = Debug|Win32
		{A2A3D6D8-67D9-4228-BEB5-FD796234CD52}.Release.ActiveCfg = Release|Win32
		{A2A3D6D8-67D9-4228-BEB5-FD796234CD52}.Release.Build.0 = Release|Win32
		{64695B13-26B0-4787-B5AF-AB61647EB405}.Debug.ActiveCfg = Debug|Win32
		{64695B13-26B0-4787-B5AF-AB61647EB405}.Debug.Build.0 = Debug|Win32
		{64695B13-26B0-4787-B5AF-AB61647EB405}.Release.ActiveCfg = Release|Win32
		{64695B13-26B0-4787-B5AF-AB61647EB405}.Release.Build.0 = Release|Win32
		{3E4DA3F3-BD46-46B8-A7A6-C0F7BF9491B4}.Debug.ActiveCfg = Debug|Win32
		{3E4DA3F3-BD46-46B8-A7A6-C0F7BF9491B4}.Debug.Build.0 = Debug|Win32
		{3E4DA3F3-BD46-46B8-A7A6-C0F7BF9491B4}.Release.ActiveCfg = Release|Win32
		{3E4DA3F3-BD46-46B8-A7A6-C0F7BF9491B4}.Release.Build.0 = Release|Win32
		{627435B4-77FB-48BB-B309-89D23B1CE5C7}.Debug.ActiveCfg = Debug|Win32
		{627435B4-77FB-48BB-B309-89D23B1CE5C7}.Debug.Build.0 = Debug|Win32
		{627435B4-77FB-48BB-B309-89D23B1CE5C7}.Release.ActiveCfg = Release|Win32
		{627435B4-77FB-48BB-B309-89D23B1CE5C7}.Release.Build.0 = Release|Win32
		{CE02EB6C-D359-4FFB-B930-4CD0D022B451}.Debug.ActiveCfg = Debug|Win32
		{CE02EB6C-D359-4FFB-B930-4CD0D022B451}.Debug.Build.0 = Debug|Win32
		{CE02EB6C-D359-4FFB-B930-4CD0D022B451}.Release.ActiveCfg = Release|Win32
		{CE02EB6C-D359-4FFB-B930-4CD0D022B451}.Release.Build.0 = Release|Win32
		{767965CE-82EF-489E-9515-F62A9263CFE5}.Debug.ActiveCfg = Debug|Win32
		{767965CE-82EF-489E-9515-F62A9263CFE5}.Debug.Build.0 = Debug|Win32
		{767965CE-82EF-489E-9515-F62A9263CFE5}.Release.ActiveCfg = Release|Win32
		{767965CE-82EF-489E-9515-F62A9263CFE5}.Release.Build.0 = Release|Win32
		{B12FE83A-5F95-4F36-B907-BE329CA42E8A}.Debug.ActiveCfg = Debug|Win32
		{B12FE83A-5F95-4F36-B907-BE329CA42E8A}.Debug.Build.0 = Debug|Win32
		{B12FE83A-5F95-4F36-B907-BE329CA42E8A}.Release.ActiveCfg = Release|Win32
		{B12FE83A-5F95-4F36-B907-BE329CA42E8A}.Release.Build.0 = Release|Win32
		{2C17C008-6672-42E9-99A2-064A5873B214}.Debug.ActiveCfg = Debug|Win32
		{2C17C008-6672-42E9-99A2-064A5873B214}.Debug.Build.0 = Debug|Win32
		{2C17C008-6672-42E9-99A2-064A5873B214}.Release.ActiveCfg = Release|Win32
		{2C17C008-6672-42E9-99A2-064A5873B214}.Release.Build.0 = Release|Win32
		{3C001E78-9671-4A47-BE6E-B3792B788950}.Debug.ActiveCfg = Debug|Win32
		{3C001E78-9671-4A47-BE6E-B3792B788950}.Debug.Build.0 = Debug|Win32
		{3C001E78-9671-4A47-BE6E-B3792B788950}.Release.ActiveCfg = Release|Win32
		{3C001E78-9671-4A47-BE6E-B3792B788950}.Release.Build.0 = Release|Win32
		{A721EB0E-4B6E-441E-A3C4-91ED7BDBF85D}.Debug.ActiveCfg = Debug|Win32
		{A721EB0E-4B6E-441E-A3C4-91ED7BDBF85D}.Debug.Build.0 = Debug|Win32
		{A721EB0E-4B6E-441E-A3C4-91ED7BDBF85D}.Release.ActiveCfg = Release|Win32
		{A721EB0E-4B6E-441E-A3C4-91ED7BDBF85D}.Release.Build.0 = Release|Win32
		{EB362ABE-B0C5-416B-AD32-9AE5470BA1CD}.Debug.ActiveCfg = Debug|Win32
		{EB362ABE-B0C5-416B-AD32-9AE5470BA1CD}.Debug.Build.0 = Debug|Win32
		{EB362ABE-B0C5-416B-AD32-9AE5470BA1CD}.Release.ActiveCfg = Release|Win32
		{EB362ABE-B0C5-416B-AD32-9AE5470BA1CD}.Release.Build.0 = Release|Win32
		{B49020C9-BBCA-4D5C-8276-CF217C90BF5E}.Debug.ActiveCfg = Debug|Win32
		{B49020C9-BBCA-4D5C-8276-CF217C90BF5E}.Debug.Build.0 = Debug|Win32
		{B49020C9-BBCA-4D5C-8276-CF217C90BF5E}.Release.ActiveCfg = Release|Win32
		{B49020C9-BBCA-4D5C-8276-CF217C90BF5E}.Release.Build.0 = Release|Win32
	EndGlobalSection
	GlobalSection(ExtensibilityGlobals) = postSolution
	EndGlobalSection
	GlobalSection(ExtensibilityAddIns) = postSolution
	EndGlobalSection
EndGlobal
