Microsoft Visual Studio Solution File, Format Version 7.00
Project("{8BC9CEB8-8B4A-11D0-8D11-00A0C91BC942}") = "AllInOne", "AllInOne\AllInOne.vcproj", "{30AC50F1-1D6C-474C-9792-E0537EFA63CA}"
EndProject
Project("{8BC9CEB8-8B4A-11D0-8D11-00A0C91BC942}") = "ApacheModuleXSLT", "ApacheModuleXSLT\ApacheModuleXSLT.vcproj", "{59F906AA-E1F0-46C4-9F08-97DFD1466396}"
EndProject
Project("{8BC9CEB8-8B4A-11D0-8D11-00A0C91BC942}") = "CAPI", "..\..\..\Tests\C-API\CAPI.vcproj", "{8B264040-52CD-43F7-B0E8-CE229FC7C039}"
EndProject
Project("{8BC9CEB8-8B4A-11D0-8D11-00A0C91BC942}") = "CompileStylesheet", "CompileStylesheet\CompileStylesheet.vcproj", "{2FBC9FC4-AD2F-4DE1-A56E-8D0FF0728E67}"
EndProject
Project("{8BC9CEB8-8B4A-11D0-8D11-00A0C91BC942}") = "DocumentBuilder", "DocumentBuilder\DocumentBuilder.vcproj", "{047707E4-F71D-439B-9F2B-0A366641F030}"
EndProject
Project("{8BC9CEB8-8B4A-11D0-8D11-00A0C91BC942}") = "Errortests", "..\..\..\Tests\Errortests\Errortests.vcproj", "{08DA5FC0-EDEE-4E8A-B261-36190F1E2430}"
EndProject
Project("{8BC9CEB8-8B4A-11D0-8D11-00A0C91BC942}") = "ExternalFunction", "ExternalFunction\ExternalFunction.vcproj", "{3856936D-EECA-4205-BD66-EC311A493A52}"
EndProject
Project("{8BC9CEB8-8B4A-11D0-8D11-00A0C91BC942}") = "Harness", "..\..\..\Tests\Harness\Harness.vcproj", "{C6548B4E-4BD7-490F-8788-A873E360E506}"
EndProject
Project("{8BC9CEB8-8B4A-11D0-8D11-00A0C91BC942}") = "Localization", "Utils\Localization\Localization.vcproj", "{CA1C3CA3-7717-4A7A-B542-B31D66E54DE4}"
EndProject
Project("{8BC9CEB8-8B4A-11D0-8D11-00A0C91BC942}") = "Memory", "..\..\..\Tests\Memory\Memory.vcproj", "{E9439FE7-CA7E-49E8-A413-2C0C8F518F15}"
EndProject
Project("{8BC9CEB8-8B4A-11D0-8D11-00A0C91BC942}") = "Params", "..\..\..\Tests\Params\Params.vcproj", "{C979C7D2-BA2F-4DAC-A44A-533C19388BDB}"
EndProject
Project("{8BC9CEB8-8B4A-11D0-8D11-00A0C91BC942}") = "ParsedSourceWrappers", "ParsedSourceWrappers\ParsedSourceWrappers.vcproj", "{776D0F8E-D36E-4994-AD94-B3B45D203164}"
EndProject
Project("{8BC9CEB8-8B4A-11D0-8D11-00A0C91BC942}") = "PerfT", "..\..\..\Tests\PerfT\PerfT.vcproj", "{BAF9FF30-3F20-4E0E-81AC-4A80E5F10A0B}"
EndProject
Project("{8BC9CEB8-8B4A-11D0-8D11-00A0C91BC942}") = "SerializeNodeSet", "SerializeNodeSet\SerializeNodeSet.vcproj", "{605EB7CF-631D-449C-818F-3C8176106DDB}"
EndProject
Project("{8BC9CEB8-8B4A-11D0-8D11-00A0C91BC942}") = "SimpleTransform", "SimpleTransform\SimpleTransform.vcproj", "{0B51B9E9-8AA9-40FD-A0DD-20AEB2F5669D}"
EndProject
Project("{8BC9CEB8-8B4A-11D0-8D11-00A0C91BC942}") = "SimpleXPathAPI", "SimpleXPathAPI\SimpleXPathAPI.vcproj", "{89357672-7E91-4439-BAF4-D76344F4C4C6}"
EndProject
Project("{8BC9CEB8-8B4A-11D0-8D11-00A0C91BC942}") = "SimpleXPathCAPI", "SimpleXPathCAPI\SimpleXPathCAPI.vcproj", "{DC2C7284-3AD4-4775-B18A-FFF04B70FABA}"
EndProject
Project("{8BC9CEB8-8B4A-11D0-8D11-00A0C91BC942}") = "StreamTransform", "StreamTransform\StreamTransform.vcproj", "{A3460E83-A49E-484D-8178-2870D632577C}"
EndProject
Project("{8BC9CEB8-8B4A-11D0-8D11-00A0C91BC942}") = "TestDriver", "XPathWrapper\XPathWrapper.vcproj", "{1D581E76-D5CE-467E-AC11-922AA736100C}"
EndProject
Project("{8BC9CEB8-8B4A-11D0-8D11-00A0C91BC942}") = "TestXPath", "TestXPath\TestXPath.vcproj", "{69739EB0-6BA3-4E79-88CA-3A07A7902233}"
EndProject
Project("{8BC9CEB8-8B4A-11D0-8D11-00A0C91BC942}") = "TestXSLT", "TestXSLT\TestXSLT.vcproj", "{0EC8A701-67D1-4880-83A3-D61B7C51375C}"
EndProject
Project("{8BC9CEB8-8B4A-11D0-8D11-00A0C91BC942}") = "ThreadSafe", "ThreadSafe\ThreadSafe.vcproj", "{C4BEF966-4FA3-4A3A-B5B1-7E61447E394E}"
EndProject
Project("{8BC9CEB8-8B4A-11D0-8D11-00A0C91BC942}") = "ThreadTest", "..\..\..\Tests\Threads\ThreadTest.vcproj", "{B85BDF08-468E-40DB-8637-D041A14D774B}"
EndProject
Project("{8BC9CEB8-8B4A-11D0-8D11-00A0C91BC942}") = "TraceListen", "TraceListen\TraceListen.vcproj", "{081EB3ED-4697-4D3D-B852-22ACF829AA3F}"
EndProject
Project("{8BC9CEB8-8B4A-11D0-8D11-00A0C91BC942}") = "TransformToXercesDOM", "TransformToXercesDOM\TransformToXercesDOM.vcproj", "{9EB1847D-29D1-45D2-84EC-3C33D15B2CC8}"
EndProject
Project("{8BC9CEB8-8B4A-11D0-8D11-00A0C91BC942}") = "Transformer", "..\..\..\Tests\Transformer\Transformer.vcproj", "{B2615090-4E53-43B5-9760-B390D4E20BB8}"
EndProject
Project("{8BC9CEB8-8B4A-11D0-8D11-00A0C91BC942}") = "UseStylesheetParam", "UseStylesheetParam\UseStylesheetParam.vcproj", "{0614F7BD-4369-40BE-BE71-03E2699699C9}"
EndProject
Project("{8BC9CEB8-8B4A-11D0-8D11-00A0C91BC942}") = "XalanExe", "XalanExe\XalanExe.vcproj", "{865E1333-C4FD-4F6D-AD22-BD93BFF0EF4B}"
EndProject
Project("{8BC9CEB8-8B4A-11D0-8D11-00A0C91BC942}") = "XalanTransform", "XalanTransform\XalanTransform.vcproj", "{A108CFD7-9A5B-4EFF-9BB6-D65A933BC4DF}"
EndProject
Project("{8BC9CEB8-8B4A-11D0-8D11-00A0C91BC942}") = "XalanTransformerCallback", "XalanTransformerCallback\XalanTransformerCallback.vcproj", "{B59FB25A-9F01-41EB-B4D9-A3B6F9451E3C}"
EndProject
Project("{8BC9CEB8-8B4A-11D0-8D11-00A0C91BC942}") = "compare", "..\..\..\Tests\Compare\compare.vcproj", "{31BE8B3F-E6AD-4FAE-8150-E44B93340681}"
EndProject
Project("{8BC9CEB8-8B4A-11D0-8D11-00A0C91BC942}") = "conf", "..\..\..\Tests\Conf\conf.vcproj", "{E18F5989-80D9-46E7-9588-F5411C1DA8DE}"
EndProject
Project("{8BC9CEB8-8B4A-11D0-8D11-00A0C91BC942}") = "dom2dom", "..\..\..\Tests\Dom2Dom\Dom2Dom.vcproj", "{0C801074-A978-4EFC-ADCB-3EAA48FF3286}"
EndProject
Project("{8BC9CEB8-8B4A-11D0-8D11-00A0C91BC942}") = "extensions", "..\..\..\Tests\Extensions\extensions.vcproj", "{A79FB11F-2686-4F50-A653-0AEABA91828E}"
EndProject
Project("{8BC9CEB8-8B4A-11D0-8D11-00A0C91BC942}") = "inputsource", "..\..\..\Tests\InputSource\inputsource.vcproj", "{99FAF9DE-BE6D-4D38-B04B-B0293726FCEC}"
EndProject
Project("{8BC9CEB8-8B4A-11D0-8D11-00A0C91BC942}") = "perf", "..\..\..\Tests\Performance\perf.vcproj", "{B71C67DD-7ADB-4914-B08F-166198921C03}"
EndProject
Global
	GlobalSection(SolutionConfiguration) = preSolution
		ConfigName.0 = Debug
		ConfigName.1 = Release
		ConfigName.2 = Release with symbols
	EndGlobalSection
	GlobalSection(ProjectDependencies) = postSolution
		{30AC50F1-1D6C-474C-9792-E0537EFA63CA}.0 = {CA1C3CA3-7717-4A7A-B542-B31D66E54DE4}
		{59F906AA-E1F0-46C4-9F08-97DFD1466396}.0 = {30AC50F1-1D6C-474C-9792-E0537EFA63CA}
		{8B264040-52CD-43F7-B0E8-CE229FC7C039}.0 = {30AC50F1-1D6C-474C-9792-E0537EFA63CA}
		{2FBC9FC4-AD2F-4DE1-A56E-8D0FF0728E67}.0 = {30AC50F1-1D6C-474C-9792-E0537EFA63CA}
		{047707E4-F71D-439B-9F2B-0A366641F030}.0 = {30AC50F1-1D6C-474C-9792-E0537EFA63CA}
		{08DA5FC0-EDEE-4E8A-B261-36190F1E2430}.0 = {30AC50F1-1D6C-474C-9792-E0537EFA63CA}
		{08DA5FC0-EDEE-4E8A-B261-36190F1E2430}.1 = {C6548B4E-4BD7-490F-8788-A873E360E506}
		{3856936D-EECA-4205-BD66-EC311A493A52}.0 = {30AC50F1-1D6C-474C-9792-E0537EFA63CA}
		{C6548B4E-4BD7-490F-8788-A873E360E506}.0 = {30AC50F1-1D6C-474C-9792-E0537EFA63CA}
		{E9439FE7-CA7E-49E8-A413-2C0C8F518F15}.0 = {30AC50F1-1D6C-474C-9792-E0537EFA63CA}
		{E9439FE7-CA7E-49E8-A413-2C0C8F518F15}.1 = {C6548B4E-4BD7-490F-8788-A873E360E506}
		{C979C7D2-BA2F-4DAC-A44A-533C19388BDB}.0 = {30AC50F1-1D6C-474C-9792-E0537EFA63CA}
		{C979C7D2-BA2F-4DAC-A44A-533C19388BDB}.1 = {C6548B4E-4BD7-490F-8788-A873E360E506}
		{776D0F8E-D36E-4994-AD94-B3B45D203164}.0 = {30AC50F1-1D6C-474C-9792-E0537EFA63CA}
		{BAF9FF30-3F20-4E0E-81AC-4A80E5F10A0B}.0 = {30AC50F1-1D6C-474C-9792-E0537EFA63CA}
		{BAF9FF30-3F20-4E0E-81AC-4A80E5F10A0B}.1 = {C6548B4E-4BD7-490F-8788-A873E360E506}
		{605EB7CF-631D-449C-818F-3C8176106DDB}.0 = {30AC50F1-1D6C-474C-9792-E0537EFA63CA}
		{0B51B9E9-8AA9-40FD-A0DD-20AEB2F5669D}.0 = {30AC50F1-1D6C-474C-9792-E0537EFA63CA}
		{89357672-7E91-4439-BAF4-D76344F4C4C6}.0 = {30AC50F1-1D6C-474C-9792-E0537EFA63CA}
		{DC2C7284-3AD4-4775-B18A-FFF04B70FABA}.0 = {30AC50F1-1D6C-474C-9792-E0537EFA63CA}
		{A3460E83-A49E-484D-8178-2870D632577C}.0 = {30AC50F1-1D6C-474C-9792-E0537EFA63CA}
		{1D581E76-D5CE-467E-AC11-922AA736100C}.0 = {30AC50F1-1D6C-474C-9792-E0537EFA63CA}
		{69739EB0-6BA3-4E79-88CA-3A07A7902233}.0 = {30AC50F1-1D6C-474C-9792-E0537EFA63CA}
		{0EC8A701-67D1-4880-83A3-D61B7C51375C}.0 = {30AC50F1-1D6C-474C-9792-E0537EFA63CA}
		{C4BEF966-4FA3-4A3A-B5B1-7E61447E394E}.0 = {30AC50F1-1D6C-474C-9792-E0537EFA63CA}
		{B85BDF08-468E-40DB-8637-D041A14D774B}.0 = {30AC50F1-1D6C-474C-9792-E0537EFA63CA}
		{081EB3ED-4697-4D3D-B852-22ACF829AA3F}.0 = {30AC50F1-1D6C-474C-9792-E0537EFA63CA}
		{9EB1847D-29D1-45D2-84EC-3C33D15B2CC8}.0 = {30AC50F1-1D6C-474C-9792-E0537EFA63CA}
		{B2615090-4E53-43B5-9760-B390D4E20BB8}.0 = {30AC50F1-1D6C-474C-9792-E0537EFA63CA}
		{0614F7BD-4369-40BE-BE71-03E2699699C9}.0 = {30AC50F1-1D6C-474C-9792-E0537EFA63CA}
		{865E1333-C4FD-4F6D-AD22-BD93BFF0EF4B}.0 = {30AC50F1-1D6C-474C-9792-E0537EFA63CA}
		{A108CFD7-9A5B-4EFF-9BB6-D65A933BC4DF}.0 = {30AC50F1-1D6C-474C-9792-E0537EFA63CA}
		{B59FB25A-9F01-41EB-B4D9-A3B6F9451E3C}.0 = {30AC50F1-1D6C-474C-9792-E0537EFA63CA}
		{31BE8B3F-E6AD-4FAE-8150-E44B93340681}.0 = {30AC50F1-1D6C-474C-9792-E0537EFA63CA}
		{31BE8B3F-E6AD-4FAE-8150-E44B93340681}.1 = {C6548B4E-4BD7-490F-8788-A873E360E506}
		{E18F5989-80D9-46E7-9588-F5411C1DA8DE}.0 = {30AC50F1-1D6C-474C-9792-E0537EFA63CA}
		{E18F5989-80D9-46E7-9588-F5411C1DA8DE}.1 = {C6548B4E-4BD7-490F-8788-A873E360E506}
		{0C801074-A978-4EFC-ADCB-3EAA48FF3286}.0 = {30AC50F1-1D6C-474C-9792-E0537EFA63CA}
		{0C801074-A978-4EFC-ADCB-3EAA48FF3286}.1 = {C6548B4E-4BD7-490F-8788-A873E360E506}
		{A79FB11F-2686-4F50-A653-0AEABA91828E}.0 = {30AC50F1-1D6C-474C-9792-E0537EFA63CA}
		{A79FB11F-2686-4F50-A653-0AEABA91828E}.1 = {C6548B4E-4BD7-490F-8788-A873E360E506}
		{99FAF9DE-BE6D-4D38-B04B-B0293726FCEC}.0 = {30AC50F1-1D6C-474C-9792-E0537EFA63CA}
		{99FAF9DE-BE6D-4D38-B04B-B0293726FCEC}.1 = {C6548B4E-4BD7-490F-8788-A873E360E506}
		{B71C67DD-7ADB-4914-B08F-166198921C03}.0 = {30AC50F1-1D6C-474C-9792-E0537EFA63CA}
		{B71C67DD-7ADB-4914-B08F-166198921C03}.1 = {C6548B4E-4BD7-490F-8788-A873E360E506}
	EndGlobalSection
	GlobalSection(ProjectConfiguration) = postSolution
		{30AC50F1-1D6C-474C-9792-E0537EFA63CA}.Debug.ActiveCfg = Debug|Win32
		{30AC50F1-1D6C-474C-9792-E0537EFA63CA}.Debug.Build.0 = Debug|Win32
		{30AC50F1-1D6C-474C-9792-E0537EFA63CA}.Release.ActiveCfg = Release|Win32
		{30AC50F1-1D6C-474C-9792-E0537EFA63CA}.Release.Build.0 = Release|Win32
		{30AC50F1-1D6C-474C-9792-E0537EFA63CA}.Release with symbols.ActiveCfg = Release with symbols|Win32
		{30AC50F1-1D6C-474C-9792-E0537EFA63CA}.Release with symbols.Build.0 = Release with symbols|Win32
		{59F906AA-E1F0-46C4-9F08-97DFD1466396}.Debug.ActiveCfg = Debug|Win32
		{59F906AA-E1F0-46C4-9F08-97DFD1466396}.Debug.Build.0 = Debug|Win32
		{59F906AA-E1F0-46C4-9F08-97DFD1466396}.Release.ActiveCfg = Release|Win32
		{59F906AA-E1F0-46C4-9F08-97DFD1466396}.Release.Build.0 = Release|Win32
		{59F906AA-E1F0-46C4-9F08-97DFD1466396}.Release with symbols.ActiveCfg = Release|Win32
		{59F906AA-E1F0-46C4-9F08-97DFD1466396}.Release with symbols.Build.0 = Release|Win32
		{8B264040-52CD-43F7-B0E8-CE229FC7C039}.Debug.ActiveCfg = Debug|Win32
		{8B264040-52CD-43F7-B0E8-CE229FC7C039}.Debug.Build.0 = Debug|Win32
		{8B264040-52CD-43F7-B0E8-CE229FC7C039}.Release.ActiveCfg = Release|Win32
		{8B264040-52CD-43F7-B0E8-CE229FC7C039}.Release.Build.0 = Release|Win32
		{8B264040-52CD-43F7-B0E8-CE229FC7C039}.Release with symbols.ActiveCfg = Release|Win32
		{8B264040-52CD-43F7-B0E8-CE229FC7C039}.Release with symbols.Build.0 = Release|Win32
		{2FBC9FC4-AD2F-4DE1-A56E-8D0FF0728E67}.Debug.ActiveCfg = Debug|Win32
		{2FBC9FC4-AD2F-4DE1-A56E-8D0FF0728E67}.Debug.Build.0 = Debug|Win32
		{2FBC9FC4-AD2F-4DE1-A56E-8D0FF0728E67}.Release.ActiveCfg = Release|Win32
		{2FBC9FC4-AD2F-4DE1-A56E-8D0FF0728E67}.Release.Build.0 = Release|Win32
		{2FBC9FC4-AD2F-4DE1-A56E-8D0FF0728E67}.Release with symbols.ActiveCfg = Release|Win32
		{2FBC9FC4-AD2F-4DE1-A56E-8D0FF0728E67}.Release with symbols.Build.0 = Release|Win32
		{047707E4-F71D-439B-9F2B-0A366641F030}.Debug.ActiveCfg = Debug|Win32
		{047707E4-F71D-439B-9F2B-0A366641F030}.Debug.Build.0 = Debug|Win32
		{047707E4-F71D-439B-9F2B-0A366641F030}.Release.ActiveCfg = Release|Win32
		{047707E4-F71D-439B-9F2B-0A366641F030}.Release.Build.0 = Release|Win32
		{047707E4-F71D-439B-9F2B-0A366641F030}.Release with symbols.ActiveCfg = Release|Win32
		{047707E4-F71D-439B-9F2B-0A366641F030}.Release with symbols.Build.0 = Release|Win32
		{08DA5FC0-EDEE-4E8A-B261-36190F1E2430}.Debug.ActiveCfg = Debug|Win32
		{08DA5FC0-EDEE-4E8A-B261-36190F1E2430}.Debug.Build.0 = Debug|Win32
		{08DA5FC0-EDEE-4E8A-B261-36190F1E2430}.Release.ActiveCfg = Release|Win32
		{08DA5FC0-EDEE-4E8A-B261-36190F1E2430}.Release.Build.0 = Release|Win32
		{08DA5FC0-EDEE-4E8A-B261-36190F1E2430}.Release with symbols.ActiveCfg = Release with symbols|Win32
		{08DA5FC0-EDEE-4E8A-B261-36190F1E2430}.Release with symbols.Build.0 = Release with symbols|Win32
		{3856936D-EECA-4205-BD66-EC311A493A52}.Debug.ActiveCfg = Debug|Win32
		{3856936D-EECA-4205-BD66-EC311A493A52}.Debug.Build.0 = Debug|Win32
		{3856936D-EECA-4205-BD66-EC311A493A52}.Release.ActiveCfg = Release|Win32
		{3856936D-EECA-4205-BD66-EC311A493A52}.Release.Build.0 = Release|Win32
		{3856936D-EECA-4205-BD66-EC311A493A52}.Release with symbols.ActiveCfg = Release|Win32
		{3856936D-EECA-4205-BD66-EC311A493A52}.Release with symbols.Build.0 = Release|Win32
		{C6548B4E-4BD7-490F-8788-A873E360E506}.Debug.ActiveCfg = Debug|Win32
		{C6548B4E-4BD7-490F-8788-A873E360E506}.Debug.Build.0 = Debug|Win32
		{C6548B4E-4BD7-490F-8788-A873E360E506}.Release.ActiveCfg = Release|Win32
		{C6548B4E-4BD7-490F-8788-A873E360E506}.Release.Build.0 = Release|Win32
		{C6548B4E-4BD7-490F-8788-A873E360E506}.Release with symbols.ActiveCfg = Release with symbols|Win32
		{C6548B4E-4BD7-490F-8788-A873E360E506}.Release with symbols.Build.0 = Release with symbols|Win32
		{CA1C3CA3-7717-4A7A-B542-B31D66E54DE4}.Debug.ActiveCfg = Debug|Win32
		{CA1C3CA3-7717-4A7A-B542-B31D66E54DE4}.Debug.Build.0 = Debug|Win32
		{CA1C3CA3-7717-4A7A-B542-B31D66E54DE4}.Release.ActiveCfg = Release|Win32
		{CA1C3CA3-7717-4A7A-B542-B31D66E54DE4}.Release.Build.0 = Release|Win32
		{CA1C3CA3-7717-4A7A-B542-B31D66E54DE4}.Release with symbols.ActiveCfg = Release with symbols|Win32
		{CA1C3CA3-7717-4A7A-B542-B31D66E54DE4}.Release with symbols.Build.0 = Release with symbols|Win32
		{E9439FE7-CA7E-49E8-A413-2C0C8F518F15}.Debug.ActiveCfg = Debug|Win32
		{E9439FE7-CA7E-49E8-A413-2C0C8F518F15}.Debug.Build.0 = Debug|Win32
		{E9439FE7-CA7E-49E8-A413-2C0C8F518F15}.Release.ActiveCfg = Release|Win32
		{E9439FE7-CA7E-49E8-A413-2C0C8F518F15}.Release.Build.0 = Release|Win32
		{E9439FE7-CA7E-49E8-A413-2C0C8F518F15}.Release with symbols.ActiveCfg = Release with symbols|Win32
		{E9439FE7-CA7E-49E8-A413-2C0C8F518F15}.Release with symbols.Build.0 = Release with symbols|Win32
		{C979C7D2-BA2F-4DAC-A44A-533C19388BDB}.Debug.ActiveCfg = Debug|Win32
		{C979C7D2-BA2F-4DAC-A44A-533C19388BDB}.Debug.Build.0 = Debug|Win32
		{C979C7D2-BA2F-4DAC-A44A-533C19388BDB}.Release.ActiveCfg = Release|Win32
		{C979C7D2-BA2F-4DAC-A44A-533C19388BDB}.Release.Build.0 = Release|Win32
		{C979C7D2-BA2F-4DAC-A44A-533C19388BDB}.Release with symbols.ActiveCfg = Release with symbols|Win32
		{C979C7D2-BA2F-4DAC-A44A-533C19388BDB}.Release with symbols.Build.0 = Release with symbols|Win32
		{776D0F8E-D36E-4994-AD94-B3B45D203164}.Debug.ActiveCfg = Debug|Win32
		{776D0F8E-D36E-4994-AD94-B3B45D203164}.Debug.Build.0 = Debug|Win32
		{776D0F8E-D36E-4994-AD94-B3B45D203164}.Release.ActiveCfg = Release|Win32
		{776D0F8E-D36E-4994-AD94-B3B45D203164}.Release.Build.0 = Release|Win32
		{776D0F8E-D36E-4994-AD94-B3B45D203164}.Release with symbols.ActiveCfg = Release|Win32
		{776D0F8E-D36E-4994-AD94-B3B45D203164}.Release with symbols.Build.0 = Release|Win32
		{BAF9FF30-3F20-4E0E-81AC-4A80E5F10A0B}.Debug.ActiveCfg = Debug|Win32
		{BAF9FF30-3F20-4E0E-81AC-4A80E5F10A0B}.Debug.Build.0 = Debug|Win32
		{BAF9FF30-3F20-4E0E-81AC-4A80E5F10A0B}.Release.ActiveCfg = Release|Win32
		{BAF9FF30-3F20-4E0E-81AC-4A80E5F10A0B}.Release.Build.0 = Release|Win32
		{BAF9FF30-3F20-4E0E-81AC-4A80E5F10A0B}.Release with symbols.ActiveCfg = Release with symbols|Win32
		{BAF9FF30-3F20-4E0E-81AC-4A80E5F10A0B}.Release with symbols.Build.0 = Release with symbols|Win32
		{605EB7CF-631D-449C-818F-3C8176106DDB}.Debug.ActiveCfg = Debug|Win32
		{605EB7CF-631D-449C-818F-3C8176106DDB}.Debug.Build.0 = Debug|Win32
		{605EB7CF-631D-449C-818F-3C8176106DDB}.Release.ActiveCfg = Release|Win32
		{605EB7CF-631D-449C-818F-3C8176106DDB}.Release.Build.0 = Release|Win32
		{605EB7CF-631D-449C-818F-3C8176106DDB}.Release with symbols.ActiveCfg = Release|Win32
		{605EB7CF-631D-449C-818F-3C8176106DDB}.Release with symbols.Build.0 = Release|Win32
		{0B51B9E9-8AA9-40FD-A0DD-20AEB2F5669D}.Debug.ActiveCfg = Debug|Win32
		{0B51B9E9-8AA9-40FD-A0DD-20AEB2F5669D}.Debug.Build.0 = Debug|Win32
		{0B51B9E9-8AA9-40FD-A0DD-20AEB2F5669D}.Release.ActiveCfg = Release|Win32
		{0B51B9E9-8AA9-40FD-A0DD-20AEB2F5669D}.Release.Build.0 = Release|Win32
		{0B51B9E9-8AA9-40FD-A0DD-20AEB2F5669D}.Release with symbols.ActiveCfg = Release with symbols|Win32
		{0B51B9E9-8AA9-40FD-A0DD-20AEB2F5669D}.Release with symbols.Build.0 = Release with symbols|Win32
		{89357672-7E91-4439-BAF4-D76344F4C4C6}.Debug.ActiveCfg = Debug|Win32
		{89357672-7E91-4439-BAF4-D76344F4C4C6}.Debug.Build.0 = Debug|Win32
		{89357672-7E91-4439-BAF4-D76344F4C4C6}.Release.ActiveCfg = Release|Win32
		{89357672-7E91-4439-BAF4-D76344F4C4C6}.Release.Build.0 = Release|Win32
		{89357672-7E91-4439-BAF4-D76344F4C4C6}.Release with symbols.ActiveCfg = Release|Win32
		{89357672-7E91-4439-BAF4-D76344F4C4C6}.Release with symbols.Build.0 = Release|Win32
		{DC2C7284-3AD4-4775-B18A-FFF04B70FABA}.Debug.ActiveCfg = Debug|Win32
		{DC2C7284-3AD4-4775-B18A-FFF04B70FABA}.Debug.Build.0 = Debug|Win32
		{DC2C7284-3AD4-4775-B18A-FFF04B70FABA}.Release.ActiveCfg = Release|Win32
		{DC2C7284-3AD4-4775-B18A-FFF04B70FABA}.Release.Build.0 = Release|Win32
		{DC2C7284-3AD4-4775-B18A-FFF04B70FABA}.Release with symbols.ActiveCfg = Release|Win32
		{DC2C7284-3AD4-4775-B18A-FFF04B70FABA}.Release with symbols.Build.0 = Release|Win32
		{A3460E83-A49E-484D-8178-2870D632577C}.Debug.ActiveCfg = Debug|Win32
		{A3460E83-A49E-484D-8178-2870D632577C}.Debug.Build.0 = Debug|Win32
		{A3460E83-A49E-484D-8178-2870D632577C}.Release.ActiveCfg = Release|Win32
		{A3460E83-A49E-484D-8178-2870D632577C}.Release.Build.0 = Release|Win32
		{A3460E83-A49E-484D-8178-2870D632577C}.Release with symbols.ActiveCfg = Release|Win32
		{A3460E83-A49E-484D-8178-2870D632577C}.Release with symbols.Build.0 = Release|Win32
		{1D581E76-D5CE-467E-AC11-922AA736100C}.Debug.ActiveCfg = Debug|Win32
		{1D581E76-D5CE-467E-AC11-922AA736100C}.Debug.Build.0 = Debug|Win32
		{1D581E76-D5CE-467E-AC11-922AA736100C}.Release.ActiveCfg = Release|Win32
		{1D581E76-D5CE-467E-AC11-922AA736100C}.Release.Build.0 = Release|Win32
		{1D581E76-D5CE-467E-AC11-922AA736100C}.Release with symbols.ActiveCfg = Release|Win32
		{1D581E76-D5CE-467E-AC11-922AA736100C}.Release with symbols.Build.0 = Release|Win32
		{69739EB0-6BA3-4E79-88CA-3A07A7902233}.Debug.ActiveCfg = Debug|Win32
		{69739EB0-6BA3-4E79-88CA-3A07A7902233}.Debug.Build.0 = Debug|Win32
		{69739EB0-6BA3-4E79-88CA-3A07A7902233}.Release.ActiveCfg = Release|Win32
		{69739EB0-6BA3-4E79-88CA-3A07A7902233}.Release.Build.0 = Release|Win32
		{69739EB0-6BA3-4E79-88CA-3A07A7902233}.Release with symbols.ActiveCfg = Release with symbols|Win32
		{69739EB0-6BA3-4E79-88CA-3A07A7902233}.Release with symbols.Build.0 = Release with symbols|Win32
		{0EC8A701-67D1-4880-83A3-D61B7C51375C}.Debug.ActiveCfg = Debug|Win32
		{0EC8A701-67D1-4880-83A3-D61B7C51375C}.Debug.Build.0 = Debug|Win32
		{0EC8A701-67D1-4880-83A3-D61B7C51375C}.Release.ActiveCfg = Release|Win32
		{0EC8A701-67D1-4880-83A3-D61B7C51375C}.Release.Build.0 = Release|Win32
		{0EC8A701-67D1-4880-83A3-D61B7C51375C}.Release with symbols.ActiveCfg = Release with symbols|Win32
		{0EC8A701-67D1-4880-83A3-D61B7C51375C}.Release with symbols.Build.0 = Release with symbols|Win32
		{C4BEF966-4FA3-4A3A-B5B1-7E61447E394E}.Debug.ActiveCfg = Debug|Win32
		{C4BEF966-4FA3-4A3A-B5B1-7E61447E394E}.Debug.Build.0 = Debug|Win32
		{C4BEF966-4FA3-4A3A-B5B1-7E61447E394E}.Release.ActiveCfg = Release|Win32
		{C4BEF966-4FA3-4A3A-B5B1-7E61447E394E}.Release.Build.0 = Release|Win32
		{C4BEF966-4FA3-4A3A-B5B1-7E61447E394E}.Release with symbols.ActiveCfg = Release|Win32
		{C4BEF966-4FA3-4A3A-B5B1-7E61447E394E}.Release with symbols.Build.0 = Release|Win32
		{B85BDF08-468E-40DB-8637-D041A14D774B}.Debug.ActiveCfg = Debug|Win32
		{B85BDF08-468E-40DB-8637-D041A14D774B}.Debug.Build.0 = Debug|Win32
		{B85BDF08-468E-40DB-8637-D041A14D774B}.Release.ActiveCfg = Release|Win32
		{B85BDF08-468E-40DB-8637-D041A14D774B}.Release.Build.0 = Release|Win32
		{B85BDF08-468E-40DB-8637-D041A14D774B}.Release with symbols.ActiveCfg = Release with symbols|Win32
		{B85BDF08-468E-40DB-8637-D041A14D774B}.Release with symbols.Build.0 = Release with symbols|Win32
		{081EB3ED-4697-4D3D-B852-22ACF829AA3F}.Debug.ActiveCfg = Debug|Win32
		{081EB3ED-4697-4D3D-B852-22ACF829AA3F}.Debug.Build.0 = Debug|Win32
		{081EB3ED-4697-4D3D-B852-22ACF829AA3F}.Release.ActiveCfg = Release|Win32
		{081EB3ED-4697-4D3D-B852-22ACF829AA3F}.Release.Build.0 = Release|Win32
		{081EB3ED-4697-4D3D-B852-22ACF829AA3F}.Release with symbols.ActiveCfg = Release|Win32
		{081EB3ED-4697-4D3D-B852-22ACF829AA3F}.Release with symbols.Build.0 = Release|Win32
		{9EB1847D-29D1-45D2-84EC-3C33D15B2CC8}.Debug.ActiveCfg = Debug|Win32
		{9EB1847D-29D1-45D2-84EC-3C33D15B2CC8}.Debug.Build.0 = Debug|Win32
		{9EB1847D-29D1-45D2-84EC-3C33D15B2CC8}.Release.ActiveCfg = Release|Win32
		{9EB1847D-29D1-45D2-84EC-3C33D15B2CC8}.Release.Build.0 = Release|Win32
		{9EB1847D-29D1-45D2-84EC-3C33D15B2CC8}.Release with symbols.ActiveCfg = Release|Win32
		{9EB1847D-29D1-45D2-84EC-3C33D15B2CC8}.Release with symbols.Build.0 = Release|Win32
		{B2615090-4E53-43B5-9760-B390D4E20BB8}.Debug.ActiveCfg = Debug|Win32
		{B2615090-4E53-43B5-9760-B390D4E20BB8}.Debug.Build.0 = Debug|Win32
		{B2615090-4E53-43B5-9760-B390D4E20BB8}.Release.ActiveCfg = Release|Win32
		{B2615090-4E53-43B5-9760-B390D4E20BB8}.Release.Build.0 = Release|Win32
		{B2615090-4E53-43B5-9760-B390D4E20BB8}.Release with symbols.ActiveCfg = Release with symbols|Win32
		{B2615090-4E53-43B5-9760-B390D4E20BB8}.Release with symbols.Build.0 = Release with symbols|Win32
		{0614F7BD-4369-40BE-BE71-03E2699699C9}.Debug.ActiveCfg = Debug|Win32
		{0614F7BD-4369-40BE-BE71-03E2699699C9}.Debug.Build.0 = Debug|Win32
		{0614F7BD-4369-40BE-BE71-03E2699699C9}.Release.ActiveCfg = Release|Win32
		{0614F7BD-4369-40BE-BE71-03E2699699C9}.Release.Build.0 = Release|Win32
		{0614F7BD-4369-40BE-BE71-03E2699699C9}.Release with symbols.ActiveCfg = Release|Win32
		{0614F7BD-4369-40BE-BE71-03E2699699C9}.Release with symbols.Build.0 = Release|Win32
		{865E1333-C4FD-4F6D-AD22-BD93BFF0EF4B}.Debug.ActiveCfg = Debug|Win32
		{865E1333-C4FD-4F6D-AD22-BD93BFF0EF4B}.Debug.Build.0 = Debug|Win32
		{865E1333-C4FD-4F6D-AD22-BD93BFF0EF4B}.Release.ActiveCfg = Release|Win32
		{865E1333-C4FD-4F6D-AD22-BD93BFF0EF4B}.Release.Build.0 = Release|Win32
		{865E1333-C4FD-4F6D-AD22-BD93BFF0EF4B}.Release with symbols.ActiveCfg = Release with symbols|Win32
		{865E1333-C4FD-4F6D-AD22-BD93BFF0EF4B}.Release with symbols.Build.0 = Release with symbols|Win32
		{A108CFD7-9A5B-4EFF-9BB6-D65A933BC4DF}.Debug.ActiveCfg = Debug|Win32
		{A108CFD7-9A5B-4EFF-9BB6-D65A933BC4DF}.Debug.Build.0 = Debug|Win32
		{A108CFD7-9A5B-4EFF-9BB6-D65A933BC4DF}.Release.ActiveCfg = Release|Win32
		{A108CFD7-9A5B-4EFF-9BB6-D65A933BC4DF}.Release.Build.0 = Release|Win32
		{A108CFD7-9A5B-4EFF-9BB6-D65A933BC4DF}.Release with symbols.ActiveCfg = Release|Win32
		{A108CFD7-9A5B-4EFF-9BB6-D65A933BC4DF}.Release with symbols.Build.0 = Release|Win32
		{B59FB25A-9F01-41EB-B4D9-A3B6F9451E3C}.Debug.ActiveCfg = Debug|Win32
		{B59FB25A-9F01-41EB-B4D9-A3B6F9451E3C}.Debug.Build.0 = Debug|Win32
		{B59FB25A-9F01-41EB-B4D9-A3B6F9451E3C}.Release.ActiveCfg = Release|Win32
		{B59FB25A-9F01-41EB-B4D9-A3B6F9451E3C}.Release.Build.0 = Release|Win32
		{B59FB25A-9F01-41EB-B4D9-A3B6F9451E3C}.Release with symbols.ActiveCfg = Release|Win32
		{B59FB25A-9F01-41EB-B4D9-A3B6F9451E3C}.Release with symbols.Build.0 = Release|Win32
		{31BE8B3F-E6AD-4FAE-8150-E44B93340681}.Debug.ActiveCfg = Debug|Win32
		{31BE8B3F-E6AD-4FAE-8150-E44B93340681}.Debug.Build.0 = Debug|Win32
		{31BE8B3F-E6AD-4FAE-8150-E44B93340681}.Release.ActiveCfg = Release|Win32
		{31BE8B3F-E6AD-4FAE-8150-E44B93340681}.Release.Build.0 = Release|Win32
		{31BE8B3F-E6AD-4FAE-8150-E44B93340681}.Release with symbols.ActiveCfg = Release with symbols|Win32
		{31BE8B3F-E6AD-4FAE-8150-E44B93340681}.Release with symbols.Build.0 = Release with symbols|Win32
		{E18F5989-80D9-46E7-9588-F5411C1DA8DE}.Debug.ActiveCfg = Debug|Win32
		{E18F5989-80D9-46E7-9588-F5411C1DA8DE}.Debug.Build.0 = Debug|Win32
		{E18F5989-80D9-46E7-9588-F5411C1DA8DE}.Release.ActiveCfg = Release|Win32
		{E18F5989-80D9-46E7-9588-F5411C1DA8DE}.Release.Build.0 = Release|Win32
		{E18F5989-80D9-46E7-9588-F5411C1DA8DE}.Release with symbols.ActiveCfg = Release with symbols|Win32
		{E18F5989-80D9-46E7-9588-F5411C1DA8DE}.Release with symbols.Build.0 = Release with symbols|Win32
		{0C801074-A978-4EFC-ADCB-3EAA48FF3286}.Debug.ActiveCfg = Debug|Win32
		{0C801074-A978-4EFC-ADCB-3EAA48FF3286}.Debug.Build.0 = Debug|Win32
		{0C801074-A978-4EFC-ADCB-3EAA48FF3286}.Release.ActiveCfg = Release|Win32
		{0C801074-A978-4EFC-ADCB-3EAA48FF3286}.Release.Build.0 = Release|Win32
		{0C801074-A978-4EFC-ADCB-3EAA48FF3286}.Release with symbols.ActiveCfg = Release with symbols|Win32
		{0C801074-A978-4EFC-ADCB-3EAA48FF3286}.Release with symbols.Build.0 = Release with symbols|Win32
		{A79FB11F-2686-4F50-A653-0AEABA91828E}.Debug.ActiveCfg = Debug|Win32
		{A79FB11F-2686-4F50-A653-0AEABA91828E}.Debug.Build.0 = Debug|Win32
		{A79FB11F-2686-4F50-A653-0AEABA91828E}.Release.ActiveCfg = Release|Win32
		{A79FB11F-2686-4F50-A653-0AEABA91828E}.Release.Build.0 = Release|Win32
		{A79FB11F-2686-4F50-A653-0AEABA91828E}.Release with symbols.ActiveCfg = Release with symbols|Win32
		{A79FB11F-2686-4F50-A653-0AEABA91828E}.Release with symbols.Build.0 = Release with symbols|Win32
		{99FAF9DE-BE6D-4D38-B04B-B0293726FCEC}.Debug.ActiveCfg = Debug|Win32
		{99FAF9DE-BE6D-4D38-B04B-B0293726FCEC}.Debug.Build.0 = Debug|Win32
		{99FAF9DE-BE6D-4D38-B04B-B0293726FCEC}.Release.ActiveCfg = Release|Win32
		{99FAF9DE-BE6D-4D38-B04B-B0293726FCEC}.Release.Build.0 = Release|Win32
		{99FAF9DE-BE6D-4D38-B04B-B0293726FCEC}.Release with symbols.ActiveCfg = Release with symbols|Win32
		{99FAF9DE-BE6D-4D38-B04B-B0293726FCEC}.Release with symbols.Build.0 = Release with symbols|Win32
		{B71C67DD-7ADB-4914-B08F-166198921C03}.Debug.ActiveCfg = Debug|Win32
		{B71C67DD-7ADB-4914-B08F-166198921C03}.Debug.Build.0 = Debug|Win32
		{B71C67DD-7ADB-4914-B08F-166198921C03}.Release.ActiveCfg = Release|Win32
		{B71C67DD-7ADB-4914-B08F-166198921C03}.Release.Build.0 = Release|Win32
		{B71C67DD-7ADB-4914-B08F-166198921C03}.Release with symbols.ActiveCfg = Release with symbols|Win32
		{B71C67DD-7ADB-4914-B08F-166198921C03}.Release with symbols.Build.0 = Release with symbols|Win32
	EndGlobalSection
	GlobalSection(ExtensibilityGlobals) = postSolution
	EndGlobalSection
	GlobalSection(ExtensibilityAddIns) = postSolution
	EndGlobalSection
EndGlobal
