Microsoft Visual Studio Solution File, Format Version 9.00
# Visual Studio 2005
Project("{8BC9CEB8-8B4A-11D0-8D11-00A0C91BC942}") = "MsgCreator", "Utils\MsgCreator\MsgCreator.vcproj", "{D3EADA85-50F9-4A1D-A2F7-18612358B436}"
EndProject
Project("{8BC9CEB8-8B4A-11D0-8D11-00A0C91BC942}") = "conf", "conf\conf.vcproj", "{36DA52E4-C5FD-4BA7-9A58-945EF75865F7}"
	ProjectSection(ProjectDependencies) = postProject
		{755AD11C-80B9-4E33-9D3D-9A68884A3EC8} = {755AD11C-80B9-4E33-9D3D-9A68884A3EC8}
	EndProjectSection
EndProject
Project("{8BC9CEB8-8B4A-11D0-8D11-00A0C91BC942}") = "XalanExe", "XalanExe\XalanExe.vcproj", "{865E1333-C4FD-4F6D-AD22-BD93BFF0EF4B}"
	ProjectSection(ProjectDependencies) = postProject
		{755AD11C-80B9-4E33-9D3D-9A68884A3EC8} = {755AD11C-80B9-4E33-9D3D-9A68884A3EC8}
	EndProjectSection
EndProject
Project("{8BC9CEB8-8B4A-11D0-8D11-00A0C91BC942}") = "CompileStylesheet", "CompileStylesheet\CompileStylesheet.vcproj", "{5FE5CE96-F3CF-45F8-8B49-1A6EFE1F0808}"
	ProjectSection(ProjectDependencies) = postProject
		{755AD11C-80B9-4E33-9D3D-9A68884A3EC8} = {755AD11C-80B9-4E33-9D3D-9A68884A3EC8}
	EndProjectSection
EndProject
Project("{8BC9CEB8-8B4A-11D0-8D11-00A0C91BC942}") = "DocumentBuilder", "DocumentBuilder\DocumentBuilder.vcproj", "{F41473DF-6208-4A84-9DEC-AEEA3B4185F2}"
	ProjectSection(ProjectDependencies) = postProject
		{755AD11C-80B9-4E33-9D3D-9A68884A3EC8} = {755AD11C-80B9-4E33-9D3D-9A68884A3EC8}
	EndProjectSection
EndProject
Project("{8BC9CEB8-8B4A-11D0-8D11-00A0C91BC942}") = "ExternalFunction", "ExternalFunction\ExternalFunction.vcproj", "{CB863D89-F181-4E81-9E48-E7690937C58C}"
	ProjectSection(ProjectDependencies) = postProject
		{755AD11C-80B9-4E33-9D3D-9A68884A3EC8} = {755AD11C-80B9-4E33-9D3D-9A68884A3EC8}
	EndProjectSection
EndProject
Project("{8BC9CEB8-8B4A-11D0-8D11-00A0C91BC942}") = "ParsedSourceWrappers", "ParsedSourceWrappers\ParsedSourceWrappers.vcproj", "{451D3F58-1480-4D96-ABD5-A01BC535CE43}"
	ProjectSection(ProjectDependencies) = postProject
		{755AD11C-80B9-4E33-9D3D-9A68884A3EC8} = {755AD11C-80B9-4E33-9D3D-9A68884A3EC8}
	EndProjectSection
EndProject
Project("{8BC9CEB8-8B4A-11D0-8D11-00A0C91BC942}") = "SerializeNodeSet", "SerializeNodeSet\SerializeNodeSet.vcproj", "{CCC9A082-5BB8-4AE4-8D1B-242357B1BFD5}"
	ProjectSection(ProjectDependencies) = postProject
		{755AD11C-80B9-4E33-9D3D-9A68884A3EC8} = {755AD11C-80B9-4E33-9D3D-9A68884A3EC8}
	EndProjectSection
EndProject
Project("{8BC9CEB8-8B4A-11D0-8D11-00A0C91BC942}") = "SimpleTransform", "SimpleTransform\SimpleTransform.vcproj", "{36FBD6C9-AA46-4B4E-A168-82274DA2A01E}"
	ProjectSection(ProjectDependencies) = postProject
		{755AD11C-80B9-4E33-9D3D-9A68884A3EC8} = {755AD11C-80B9-4E33-9D3D-9A68884A3EC8}
	EndProjectSection
EndProject
Project("{8BC9CEB8-8B4A-11D0-8D11-00A0C91BC942}") = "SimpleXPathAPI", "SimpleXPathAPI\SimpleXPathAPI.vcproj", "{811E8D52-A70D-46E8-A041-6EB6414D419C}"
	ProjectSection(ProjectDependencies) = postProject
		{755AD11C-80B9-4E33-9D3D-9A68884A3EC8} = {755AD11C-80B9-4E33-9D3D-9A68884A3EC8}
	EndProjectSection
EndProject
Project("{8BC9CEB8-8B4A-11D0-8D11-00A0C91BC942}") = "SimpleXPathCAPI", "SimpleXPathCAPI\SimpleXPathCAPI.vcproj", "{3DDBE733-0C6D-4C78-BED3-9BBA327754BD}"
	ProjectSection(ProjectDependencies) = postProject
		{755AD11C-80B9-4E33-9D3D-9A68884A3EC8} = {755AD11C-80B9-4E33-9D3D-9A68884A3EC8}
	EndProjectSection
EndProject
Project("{8BC9CEB8-8B4A-11D0-8D11-00A0C91BC942}") = "StreamTransform", "StreamTransform\StreamTransform.vcproj", "{065C0817-2A3F-4B0A-93D2-DB891A451B35}"
	ProjectSection(ProjectDependencies) = postProject
		{755AD11C-80B9-4E33-9D3D-9A68884A3EC8} = {755AD11C-80B9-4E33-9D3D-9A68884A3EC8}
	EndProjectSection
EndProject
Project("{8BC9CEB8-8B4A-11D0-8D11-00A0C91BC942}") = "TestXPath", "TestXPath\TestXPath.vcproj", "{67103626-AC3F-49B8-98C1-C78FB1A9F510}"
	ProjectSection(ProjectDependencies) = postProject
		{755AD11C-80B9-4E33-9D3D-9A68884A3EC8} = {755AD11C-80B9-4E33-9D3D-9A68884A3EC8}
	EndProjectSection
EndProject
Project("{8BC9CEB8-8B4A-11D0-8D11-00A0C91BC942}") = "TestXSLT", "TestXSLT\TestXSLT.vcproj", "{06D7EA7F-3B1B-46E0-BBAA-4D7E41DEC929}"
	ProjectSection(ProjectDependencies) = postProject
		{755AD11C-80B9-4E33-9D3D-9A68884A3EC8} = {755AD11C-80B9-4E33-9D3D-9A68884A3EC8}
	EndProjectSection
EndProject
Project("{8BC9CEB8-8B4A-11D0-8D11-00A0C91BC942}") = "ThreadSafe", "ThreadSafe\ThreadSafe.vcproj", "{1D902586-5B5E-41CA-B74C-E9A1A9817527}"
	ProjectSection(ProjectDependencies) = postProject
		{755AD11C-80B9-4E33-9D3D-9A68884A3EC8} = {755AD11C-80B9-4E33-9D3D-9A68884A3EC8}
	EndProjectSection
EndProject
Project("{8BC9CEB8-8B4A-11D0-8D11-00A0C91BC942}") = "ThreadTest", "ThreadTest\ThreadTest.vcproj", "{9878FFC6-CC96-40B6-BEA0-29A4EA4A24E2}"
	ProjectSection(ProjectDependencies) = postProject
		{755AD11C-80B9-4E33-9D3D-9A68884A3EC8} = {755AD11C-80B9-4E33-9D3D-9A68884A3EC8}
	EndProjectSection
EndProject
Project("{8BC9CEB8-8B4A-11D0-8D11-00A0C91BC942}") = "TraceListen", "TraceListen\TraceListen.vcproj", "{66BE596B-7BB8-4C96-87DB-714AC31D4A39}"
	ProjectSection(ProjectDependencies) = postProject
		{755AD11C-80B9-4E33-9D3D-9A68884A3EC8} = {755AD11C-80B9-4E33-9D3D-9A68884A3EC8}
	EndProjectSection
EndProject
Project("{8BC9CEB8-8B4A-11D0-8D11-00A0C91BC942}") = "TransformToXercesDOM", "TransformToXercesDOM\TransformToXercesDOM.vcproj", "{FFF75001-7B36-47E8-99DC-ABA8BE82F996}"
	ProjectSection(ProjectDependencies) = postProject
		{755AD11C-80B9-4E33-9D3D-9A68884A3EC8} = {755AD11C-80B9-4E33-9D3D-9A68884A3EC8}
	EndProjectSection
EndProject
Project("{8BC9CEB8-8B4A-11D0-8D11-00A0C91BC942}") = "UseStylesheetParam", "UseStylesheetParam\UseStylesheetParam.vcproj", "{9C7FB0A8-138B-4732-905F-3EDC00C0D52F}"
	ProjectSection(ProjectDependencies) = postProject
		{755AD11C-80B9-4E33-9D3D-9A68884A3EC8} = {755AD11C-80B9-4E33-9D3D-9A68884A3EC8}
	EndProjectSection
EndProject
Project("{8BC9CEB8-8B4A-11D0-8D11-00A0C91BC942}") = "XalanTransform", "XalanTransform\XalanTransform.vcproj", "{16AD2005-39BA-4E52-A2C6-F5C3C56901FC}"
	ProjectSection(ProjectDependencies) = postProject
		{755AD11C-80B9-4E33-9D3D-9A68884A3EC8} = {755AD11C-80B9-4E33-9D3D-9A68884A3EC8}
	EndProjectSection
EndProject
Project("{8BC9CEB8-8B4A-11D0-8D11-00A0C91BC942}") = "XalanTransformerCallback", "XalanTransformerCallback\XalanTransformerCallback.vcproj", "{8C50630B-96F5-46EC-B867-BABB36146AE8}"
	ProjectSection(ProjectDependencies) = postProject
		{755AD11C-80B9-4E33-9D3D-9A68884A3EC8} = {755AD11C-80B9-4E33-9D3D-9A68884A3EC8}
	EndProjectSection
EndProject
Project("{8BC9CEB8-8B4A-11D0-8D11-00A0C91BC942}") = "AllInOneWithICU", "AllInOne\AllInOneWithICU.vcproj", "{755AD11C-80B9-4E33-9D3D-9A68884A3EC8}"
	ProjectSection(ProjectDependencies) = postProject
		{A76258B4-BAE5-4FAA-B5E3-DB7BE7B43760} = {A76258B4-BAE5-4FAA-B5E3-DB7BE7B43760}
	EndProjectSection
EndProject
Project("{8BC9CEB8-8B4A-11D0-8D11-00A0C91BC942}") = "XalanMsgLibICU", "Utils\XalanMsgLib\XalanMsgLibICU.vcproj", "{A76258B4-BAE5-4FAA-B5E3-DB7BE7B43760}"
	ProjectSection(ProjectDependencies) = postProject
		{D3EADA85-50F9-4A1D-A2F7-18612358B436} = {D3EADA85-50F9-4A1D-A2F7-18612358B436}
	EndProjectSection
EndProject
Project("{8BC9CEB8-8B4A-11D0-8D11-00A0C91BC942}") = "perf", "Performance\perf.vcproj", "{DA7D35BC-F602-4AAC-BF4E-0BF5ED3B9761}"
	ProjectSection(ProjectDependencies) = postProject
		{755AD11C-80B9-4E33-9D3D-9A68884A3EC8} = {755AD11C-80B9-4E33-9D3D-9A68884A3EC8}
	EndProjectSection
EndProject
Project("{8BC9CEB8-8B4A-11D0-8D11-00A0C91BC942}") = "All", "All\AllWithICU.vcproj", "{FDDF7AB6-F714-4C89-869C-8919D26403AA}"
	ProjectSection(ProjectDependencies) = postProject
		{36DA52E4-C5FD-4BA7-9A58-945EF75865F7} = {36DA52E4-C5FD-4BA7-9A58-945EF75865F7}
		{F41473DF-6208-4A84-9DEC-AEEA3B4185F2} = {F41473DF-6208-4A84-9DEC-AEEA3B4185F2}
		{36FBD6C9-AA46-4B4E-A168-82274DA2A01E} = {36FBD6C9-AA46-4B4E-A168-82274DA2A01E}
		{9878FFC6-CC96-40B6-BEA0-29A4EA4A24E2} = {9878FFC6-CC96-40B6-BEA0-29A4EA4A24E2}
		{DA7D35BC-F602-4AAC-BF4E-0BF5ED3B9761} = {DA7D35BC-F602-4AAC-BF4E-0BF5ED3B9761}
		{9C7FB0A8-138B-4732-905F-3EDC00C0D52F} = {9C7FB0A8-138B-4732-905F-3EDC00C0D52F}
		{5FE5CE96-F3CF-45F8-8B49-1A6EFE1F0808} = {5FE5CE96-F3CF-45F8-8B49-1A6EFE1F0808}
		{CB863D89-F181-4E81-9E48-E7690937C58C} = {CB863D89-F181-4E81-9E48-E7690937C58C}
		{1D902586-5B5E-41CA-B74C-E9A1A9817527} = {1D902586-5B5E-41CA-B74C-E9A1A9817527}
		{D3EADA85-50F9-4A1D-A2F7-18612358B436} = {D3EADA85-50F9-4A1D-A2F7-18612358B436}
		{CCC9A082-5BB8-4AE4-8D1B-242357B1BFD5} = {CCC9A082-5BB8-4AE4-8D1B-242357B1BFD5}
		{06D7EA7F-3B1B-46E0-BBAA-4D7E41DEC929} = {06D7EA7F-3B1B-46E0-BBAA-4D7E41DEC929}
		{66BE596B-7BB8-4C96-87DB-714AC31D4A39} = {66BE596B-7BB8-4C96-87DB-714AC31D4A39}
		{451D3F58-1480-4D96-ABD5-A01BC535CE43} = {451D3F58-1480-4D96-ABD5-A01BC535CE43}
		{811E8D52-A70D-46E8-A041-6EB6414D419C} = {811E8D52-A70D-46E8-A041-6EB6414D419C}
		{3DDBE733-0C6D-4C78-BED3-9BBA327754BD} = {3DDBE733-0C6D-4C78-BED3-9BBA327754BD}
		{865E1333-C4FD-4F6D-AD22-BD93BFF0EF4B} = {865E1333-C4FD-4F6D-AD22-BD93BFF0EF4B}
		{67103626-AC3F-49B8-98C1-C78FB1A9F510} = {67103626-AC3F-49B8-98C1-C78FB1A9F510}
		{755AD11C-80B9-4E33-9D3D-9A68884A3EC8} = {755AD11C-80B9-4E33-9D3D-9A68884A3EC8}
		{065C0817-2A3F-4B0A-93D2-DB891A451B35} = {065C0817-2A3F-4B0A-93D2-DB891A451B35}
		{8C50630B-96F5-46EC-B867-BABB36146AE8} = {8C50630B-96F5-46EC-B867-BABB36146AE8}
		{16AD2005-39BA-4E52-A2C6-F5C3C56901FC} = {16AD2005-39BA-4E52-A2C6-F5C3C56901FC}
		{FFF75001-7B36-47E8-99DC-ABA8BE82F996} = {FFF75001-7B36-47E8-99DC-ABA8BE82F996}
	EndProjectSection
EndProject
Project("{8BC9CEB8-8B4A-11D0-8D11-00A0C91BC942}") = "EntityResolver", "EntityResolver\EntityResolver.vcproj", "{9271D145-FC64-45B1-A1AF-2BF92C83E65C}"
	ProjectSection(ProjectDependencies) = postProject
		{755AD11C-80B9-4E33-9D3D-9A68884A3EC8} = {755AD11C-80B9-4E33-9D3D-9A68884A3EC8}
	EndProjectSection
EndProject
Global
	GlobalSection(SolutionConfigurationPlatforms) = preSolution
		Debug|Win32 = Debug|Win32
		Debug|x64 = Debug|x64
		Release|Win32 = Release|Win32
		Release|x64 = Release|x64
	EndGlobalSection
	GlobalSection(ProjectConfigurationPlatforms) = postSolution
		{D3EADA85-50F9-4A1D-A2F7-18612358B436}.Debug|Win32.ActiveCfg = Debug|Win32
		{D3EADA85-50F9-4A1D-A2F7-18612358B436}.Debug|Win32.Build.0 = Debug|Win32
		{D3EADA85-50F9-4A1D-A2F7-18612358B436}.Debug|x64.ActiveCfg = Debug|x64
		{D3EADA85-50F9-4A1D-A2F7-18612358B436}.Debug|x64.Build.0 = Debug|x64
		{D3EADA85-50F9-4A1D-A2F7-18612358B436}.Release|Win32.ActiveCfg = Release|Win32
		{D3EADA85-50F9-4A1D-A2F7-18612358B436}.Release|Win32.Build.0 = Release|Win32
		{D3EADA85-50F9-4A1D-A2F7-18612358B436}.Release|x64.ActiveCfg = Release|x64
		{D3EADA85-50F9-4A1D-A2F7-18612358B436}.Release|x64.Build.0 = Release|x64
		{36DA52E4-C5FD-4BA7-9A58-945EF75865F7}.Debug|Win32.ActiveCfg = Debug|Win32
		{36DA52E4-C5FD-4BA7-9A58-945EF75865F7}.Debug|Win32.Build.0 = Debug|Win32
		{36DA52E4-C5FD-4BA7-9A58-945EF75865F7}.Debug|x64.ActiveCfg = Debug|x64
		{36DA52E4-C5FD-4BA7-9A58-945EF75865F7}.Debug|x64.Build.0 = Debug|x64
		{36DA52E4-C5FD-4BA7-9A58-945EF75865F7}.Release|Win32.ActiveCfg = Release|Win32
		{36DA52E4-C5FD-4BA7-9A58-945EF75865F7}.Release|Win32.Build.0 = Release|Win32
		{36DA52E4-C5FD-4BA7-9A58-945EF75865F7}.Release|x64.ActiveCfg = Release|x64
		{36DA52E4-C5FD-4BA7-9A58-945EF75865F7}.Release|x64.Build.0 = Release|x64
		{865E1333-C4FD-4F6D-AD22-BD93BFF0EF4B}.Debug|Win32.ActiveCfg = Debug|Win32
		{865E1333-C4FD-4F6D-AD22-BD93BFF0EF4B}.Debug|Win32.Build.0 = Debug|Win32
		{865E1333-C4FD-4F6D-AD22-BD93BFF0EF4B}.Debug|x64.ActiveCfg = Debug|x64
		{865E1333-C4FD-4F6D-AD22-BD93BFF0EF4B}.Debug|x64.Build.0 = Debug|x64
		{865E1333-C4FD-4F6D-AD22-BD93BFF0EF4B}.Release|Win32.ActiveCfg = Release|Win32
		{865E1333-C4FD-4F6D-AD22-BD93BFF0EF4B}.Release|Win32.Build.0 = Release|Win32
		{865E1333-C4FD-4F6D-AD22-BD93BFF0EF4B}.Release|x64.ActiveCfg = Release|x64
		{865E1333-C4FD-4F6D-AD22-BD93BFF0EF4B}.Release|x64.Build.0 = Release|x64
		{5FE5CE96-F3CF-45F8-8B49-1A6EFE1F0808}.Debug|Win32.ActiveCfg = Debug|Win32
		{5FE5CE96-F3CF-45F8-8B49-1A6EFE1F0808}.Debug|Win32.Build.0 = Debug|Win32
		{5FE5CE96-F3CF-45F8-8B49-1A6EFE1F0808}.Debug|x64.ActiveCfg = Debug|x64
		{5FE5CE96-F3CF-45F8-8B49-1A6EFE1F0808}.Debug|x64.Build.0 = Debug|x64
		{5FE5CE96-F3CF-45F8-8B49-1A6EFE1F0808}.Release|Win32.ActiveCfg = Release|Win32
		{5FE5CE96-F3CF-45F8-8B49-1A6EFE1F0808}.Release|Win32.Build.0 = Release|Win32
		{5FE5CE96-F3CF-45F8-8B49-1A6EFE1F0808}.Release|x64.ActiveCfg = Release|x64
		{5FE5CE96-F3CF-45F8-8B49-1A6EFE1F0808}.Release|x64.Build.0 = Release|x64
		{F41473DF-6208-4A84-9DEC-AEEA3B4185F2}.Debug|Win32.ActiveCfg = Debug|Win32
		{F41473DF-6208-4A84-9DEC-AEEA3B4185F2}.Debug|Win32.Build.0 = Debug|Win32
		{F41473DF-6208-4A84-9DEC-AEEA3B4185F2}.Debug|x64.ActiveCfg = Debug|x64
		{F41473DF-6208-4A84-9DEC-AEEA3B4185F2}.Debug|x64.Build.0 = Debug|x64
		{F41473DF-6208-4A84-9DEC-AEEA3B4185F2}.Release|Win32.ActiveCfg = Release|Win32
		{F41473DF-6208-4A84-9DEC-AEEA3B4185F2}.Release|Win32.Build.0 = Release|Win32
		{F41473DF-6208-4A84-9DEC-AEEA3B4185F2}.Release|x64.ActiveCfg = Release|x64
		{F41473DF-6208-4A84-9DEC-AEEA3B4185F2}.Release|x64.Build.0 = Release|x64
		{CB863D89-F181-4E81-9E48-E7690937C58C}.Debug|Win32.ActiveCfg = Debug|Win32
		{CB863D89-F181-4E81-9E48-E7690937C58C}.Debug|Win32.Build.0 = Debug|Win32
		{CB863D89-F181-4E81-9E48-E7690937C58C}.Debug|x64.ActiveCfg = Debug|x64
		{CB863D89-F181-4E81-9E48-E7690937C58C}.Debug|x64.Build.0 = Debug|x64
		{CB863D89-F181-4E81-9E48-E7690937C58C}.Release|Win32.ActiveCfg = Release|Win32
		{CB863D89-F181-4E81-9E48-E7690937C58C}.Release|Win32.Build.0 = Release|Win32
		{CB863D89-F181-4E81-9E48-E7690937C58C}.Release|x64.ActiveCfg = Release|x64
		{CB863D89-F181-4E81-9E48-E7690937C58C}.Release|x64.Build.0 = Release|x64
		{451D3F58-1480-4D96-ABD5-A01BC535CE43}.Debug|Win32.ActiveCfg = Debug|Win32
		{451D3F58-1480-4D96-ABD5-A01BC535CE43}.Debug|Win32.Build.0 = Debug|Win32
		{451D3F58-1480-4D96-ABD5-A01BC535CE43}.Debug|x64.ActiveCfg = Debug|x64
		{451D3F58-1480-4D96-ABD5-A01BC535CE43}.Debug|x64.Build.0 = Debug|x64
		{451D3F58-1480-4D96-ABD5-A01BC535CE43}.Release|Win32.ActiveCfg = Release|Win32
		{451D3F58-1480-4D96-ABD5-A01BC535CE43}.Release|Win32.Build.0 = Release|Win32
		{451D3F58-1480-4D96-ABD5-A01BC535CE43}.Release|x64.ActiveCfg = Release|x64
		{451D3F58-1480-4D96-ABD5-A01BC535CE43}.Release|x64.Build.0 = Release|x64
		{CCC9A082-5BB8-4AE4-8D1B-242357B1BFD5}.Debug|Win32.ActiveCfg = Debug|Win32
		{CCC9A082-5BB8-4AE4-8D1B-242357B1BFD5}.Debug|Win32.Build.0 = Debug|Win32
		{CCC9A082-5BB8-4AE4-8D1B-242357B1BFD5}.Debug|x64.ActiveCfg = Debug|x64
		{CCC9A082-5BB8-4AE4-8D1B-242357B1BFD5}.Debug|x64.Build.0 = Debug|x64
		{CCC9A082-5BB8-4AE4-8D1B-242357B1BFD5}.Release|Win32.ActiveCfg = Release|Win32
		{CCC9A082-5BB8-4AE4-8D1B-242357B1BFD5}.Release|Win32.Build.0 = Release|Win32
		{CCC9A082-5BB8-4AE4-8D1B-242357B1BFD5}.Release|x64.ActiveCfg = Release|x64
		{CCC9A082-5BB8-4AE4-8D1B-242357B1BFD5}.Release|x64.Build.0 = Release|x64
		{36FBD6C9-AA46-4B4E-A168-82274DA2A01E}.Debug|Win32.ActiveCfg = Debug|Win32
		{36FBD6C9-AA46-4B4E-A168-82274DA2A01E}.Debug|Win32.Build.0 = Debug|Win32
		{36FBD6C9-AA46-4B4E-A168-82274DA2A01E}.Debug|x64.ActiveCfg = Debug|x64
		{36FBD6C9-AA46-4B4E-A168-82274DA2A01E}.Debug|x64.Build.0 = Debug|x64
		{36FBD6C9-AA46-4B4E-A168-82274DA2A01E}.Release|Win32.ActiveCfg = Release|Win32
		{36FBD6C9-AA46-4B4E-A168-82274DA2A01E}.Release|Win32.Build.0 = Release|Win32
		{36FBD6C9-AA46-4B4E-A168-82274DA2A01E}.Release|x64.ActiveCfg = Release|x64
		{36FBD6C9-AA46-4B4E-A168-82274DA2A01E}.Release|x64.Build.0 = Release|x64
		{811E8D52-A70D-46E8-A041-6EB6414D419C}.Debug|Win32.ActiveCfg = Debug|Win32
		{811E8D52-A70D-46E8-A041-6EB6414D419C}.Debug|Win32.Build.0 = Debug|Win32
		{811E8D52-A70D-46E8-A041-6EB6414D419C}.Debug|x64.ActiveCfg = Debug|x64
		{811E8D52-A70D-46E8-A041-6EB6414D419C}.Debug|x64.Build.0 = Debug|x64
		{811E8D52-A70D-46E8-A041-6EB6414D419C}.Release|Win32.ActiveCfg = Release|Win32
		{811E8D52-A70D-46E8-A041-6EB6414D419C}.Release|Win32.Build.0 = Release|Win32
		{811E8D52-A70D-46E8-A041-6EB6414D419C}.Release|x64.ActiveCfg = Release|x64
		{811E8D52-A70D-46E8-A041-6EB6414D419C}.Release|x64.Build.0 = Release|x64
		{3DDBE733-0C6D-4C78-BED3-9BBA327754BD}.Debug|Win32.ActiveCfg = Debug|Win32
		{3DDBE733-0C6D-4C78-BED3-9BBA327754BD}.Debug|Win32.Build.0 = Debug|Win32
		{3DDBE733-0C6D-4C78-BED3-9BBA327754BD}.Debug|x64.ActiveCfg = Debug|x64
		{3DDBE733-0C6D-4C78-BED3-9BBA327754BD}.Debug|x64.Build.0 = Debug|x64
		{3DDBE733-0C6D-4C78-BED3-9BBA327754BD}.Release|Win32.ActiveCfg = Release|Win32
		{3DDBE733-0C6D-4C78-BED3-9BBA327754BD}.Release|Win32.Build.0 = Release|Win32
		{3DDBE733-0C6D-4C78-BED3-9BBA327754BD}.Release|x64.ActiveCfg = Release|x64
		{3DDBE733-0C6D-4C78-BED3-9BBA327754BD}.Release|x64.Build.0 = Release|x64
		{065C0817-2A3F-4B0A-93D2-DB891A451B35}.Debug|Win32.ActiveCfg = Debug|Win32
		{065C0817-2A3F-4B0A-93D2-DB891A451B35}.Debug|Win32.Build.0 = Debug|Win32
		{065C0817-2A3F-4B0A-93D2-DB891A451B35}.Debug|x64.ActiveCfg = Debug|x64
		{065C0817-2A3F-4B0A-93D2-DB891A451B35}.Debug|x64.Build.0 = Debug|x64
		{065C0817-2A3F-4B0A-93D2-DB891A451B35}.Release|Win32.ActiveCfg = Release|Win32
		{065C0817-2A3F-4B0A-93D2-DB891A451B35}.Release|Win32.Build.0 = Release|Win32
		{065C0817-2A3F-4B0A-93D2-DB891A451B35}.Release|x64.ActiveCfg = Release|x64
		{065C0817-2A3F-4B0A-93D2-DB891A451B35}.Release|x64.Build.0 = Release|x64
		{67103626-AC3F-49B8-98C1-C78FB1A9F510}.Debug|Win32.ActiveCfg = Debug|Win32
		{67103626-AC3F-49B8-98C1-C78FB1A9F510}.Debug|Win32.Build.0 = Debug|Win32
		{67103626-AC3F-49B8-98C1-C78FB1A9F510}.Debug|x64.ActiveCfg = Debug|x64
		{67103626-AC3F-49B8-98C1-C78FB1A9F510}.Debug|x64.Build.0 = Debug|x64
		{67103626-AC3F-49B8-98C1-C78FB1A9F510}.Release|Win32.ActiveCfg = Release|Win32
		{67103626-AC3F-49B8-98C1-C78FB1A9F510}.Release|Win32.Build.0 = Release|Win32
		{67103626-AC3F-49B8-98C1-C78FB1A9F510}.Release|x64.ActiveCfg = Release|x64
		{67103626-AC3F-49B8-98C1-C78FB1A9F510}.Release|x64.Build.0 = Release|x64
		{06D7EA7F-3B1B-46E0-BBAA-4D7E41DEC929}.Debug|Win32.ActiveCfg = Debug|Win32
		{06D7EA7F-3B1B-46E0-BBAA-4D7E41DEC929}.Debug|Win32.Build.0 = Debug|Win32
		{06D7EA7F-3B1B-46E0-BBAA-4D7E41DEC929}.Debug|x64.ActiveCfg = Debug|x64
		{06D7EA7F-3B1B-46E0-BBAA-4D7E41DEC929}.Debug|x64.Build.0 = Debug|x64
		{06D7EA7F-3B1B-46E0-BBAA-4D7E41DEC929}.Release|Win32.ActiveCfg = Release|Win32
		{06D7EA7F-3B1B-46E0-BBAA-4D7E41DEC929}.Release|Win32.Build.0 = Release|Win32
		{06D7EA7F-3B1B-46E0-BBAA-4D7E41DEC929}.Release|x64.ActiveCfg = Release|x64
		{06D7EA7F-3B1B-46E0-BBAA-4D7E41DEC929}.Release|x64.Build.0 = Release|x64
		{1D902586-5B5E-41CA-B74C-E9A1A9817527}.Debug|Win32.ActiveCfg = Debug|Win32
		{1D902586-5B5E-41CA-B74C-E9A1A9817527}.Debug|Win32.Build.0 = Debug|Win32
		{1D902586-5B5E-41CA-B74C-E9A1A9817527}.Debug|x64.ActiveCfg = Debug|x64
		{1D902586-5B5E-41CA-B74C-E9A1A9817527}.Debug|x64.Build.0 = Debug|x64
		{1D902586-5B5E-41CA-B74C-E9A1A9817527}.Release|Win32.ActiveCfg = Release|Win32
		{1D902586-5B5E-41CA-B74C-E9A1A9817527}.Release|Win32.Build.0 = Release|Win32
		{1D902586-5B5E-41CA-B74C-E9A1A9817527}.Release|x64.ActiveCfg = Release|x64
		{1D902586-5B5E-41CA-B74C-E9A1A9817527}.Release|x64.Build.0 = Release|x64
		{9878FFC6-CC96-40B6-BEA0-29A4EA4A24E2}.Debug|Win32.ActiveCfg = Debug|Win32
		{9878FFC6-CC96-40B6-BEA0-29A4EA4A24E2}.Debug|Win32.Build.0 = Debug|Win32
		{9878FFC6-CC96-40B6-BEA0-29A4EA4A24E2}.Debug|x64.ActiveCfg = Debug|x64
		{9878FFC6-CC96-40B6-BEA0-29A4EA4A24E2}.Debug|x64.Build.0 = Debug|x64
		{9878FFC6-CC96-40B6-BEA0-29A4EA4A24E2}.Release|Win32.ActiveCfg = Release|Win32
		{9878FFC6-CC96-40B6-BEA0-29A4EA4A24E2}.Release|Win32.Build.0 = Release|Win32
		{9878FFC6-CC96-40B6-BEA0-29A4EA4A24E2}.Release|x64.ActiveCfg = Release|x64
		{9878FFC6-CC96-40B6-BEA0-29A4EA4A24E2}.Release|x64.Build.0 = Release|x64
		{66BE596B-7BB8-4C96-87DB-714AC31D4A39}.Debug|Win32.ActiveCfg = Debug|Win32
		{66BE596B-7BB8-4C96-87DB-714AC31D4A39}.Debug|Win32.Build.0 = Debug|Win32
		{66BE596B-7BB8-4C96-87DB-714AC31D4A39}.Debug|x64.ActiveCfg = Debug|x64
		{66BE596B-7BB8-4C96-87DB-714AC31D4A39}.Debug|x64.Build.0 = Debug|x64
		{66BE596B-7BB8-4C96-87DB-714AC31D4A39}.Release|Win32.ActiveCfg = Release|Win32
		{66BE596B-7BB8-4C96-87DB-714AC31D4A39}.Release|Win32.Build.0 = Release|Win32
		{66BE596B-7BB8-4C96-87DB-714AC31D4A39}.Release|x64.ActiveCfg = Release|x64
		{66BE596B-7BB8-4C96-87DB-714AC31D4A39}.Release|x64.Build.0 = Release|x64
		{FFF75001-7B36-47E8-99DC-ABA8BE82F996}.Debug|Win32.ActiveCfg = Debug|Win32
		{FFF75001-7B36-47E8-99DC-ABA8BE82F996}.Debug|Win32.Build.0 = Debug|Win32
		{FFF75001-7B36-47E8-99DC-ABA8BE82F996}.Debug|x64.ActiveCfg = Debug|x64
		{FFF75001-7B36-47E8-99DC-ABA8BE82F996}.Debug|x64.Build.0 = Debug|x64
		{FFF75001-7B36-47E8-99DC-ABA8BE82F996}.Release|Win32.ActiveCfg = Release|Win32
		{FFF75001-7B36-47E8-99DC-ABA8BE82F996}.Release|Win32.Build.0 = Release|Win32
		{FFF75001-7B36-47E8-99DC-ABA8BE82F996}.Release|x64.ActiveCfg = Release|x64
		{FFF75001-7B36-47E8-99DC-ABA8BE82F996}.Release|x64.Build.0 = Release|x64
		{9C7FB0A8-138B-4732-905F-3EDC00C0D52F}.Debug|Win32.ActiveCfg = Debug|Win32
		{9C7FB0A8-138B-4732-905F-3EDC00C0D52F}.Debug|Win32.Build.0 = Debug|Win32
		{9C7FB0A8-138B-4732-905F-3EDC00C0D52F}.Debug|x64.ActiveCfg = Debug|x64
		{9C7FB0A8-138B-4732-905F-3EDC00C0D52F}.Debug|x64.Build.0 = Debug|x64
		{9C7FB0A8-138B-4732-905F-3EDC00C0D52F}.Release|Win32.ActiveCfg = Release|Win32
		{9C7FB0A8-138B-4732-905F-3EDC00C0D52F}.Release|Win32.Build.0 = Release|Win32
		{9C7FB0A8-138B-4732-905F-3EDC00C0D52F}.Release|x64.ActiveCfg = Release|x64
		{9C7FB0A8-138B-4732-905F-3EDC00C0D52F}.Release|x64.Build.0 = Release|x64
		{16AD2005-39BA-4E52-A2C6-F5C3C56901FC}.Debug|Win32.ActiveCfg = Debug|Win32
		{16AD2005-39BA-4E52-A2C6-F5C3C56901FC}.Debug|Win32.Build.0 = Debug|Win32
		{16AD2005-39BA-4E52-A2C6-F5C3C56901FC}.Debug|x64.ActiveCfg = Debug|x64
		{16AD2005-39BA-4E52-A2C6-F5C3C56901FC}.Debug|x64.Build.0 = Debug|x64
		{16AD2005-39BA-4E52-A2C6-F5C3C56901FC}.Release|Win32.ActiveCfg = Release|Win32
		{16AD2005-39BA-4E52-A2C6-F5C3C56901FC}.Release|Win32.Build.0 = Release|Win32
		{16AD2005-39BA-4E52-A2C6-F5C3C56901FC}.Release|x64.ActiveCfg = Release|x64
		{16AD2005-39BA-4E52-A2C6-F5C3C56901FC}.Release|x64.Build.0 = Release|x64
		{8C50630B-96F5-46EC-B867-BABB36146AE8}.Debug|Win32.ActiveCfg = Debug|Win32
		{8C50630B-96F5-46EC-B867-BABB36146AE8}.Debug|Win32.Build.0 = Debug|Win32
		{8C50630B-96F5-46EC-B867-BABB36146AE8}.Debug|x64.ActiveCfg = Debug|x64
		{8C50630B-96F5-46EC-B867-BABB36146AE8}.Debug|x64.Build.0 = Debug|x64
		{8C50630B-96F5-46EC-B867-BABB36146AE8}.Release|Win32.ActiveCfg = Release|Win32
		{8C50630B-96F5-46EC-B867-BABB36146AE8}.Release|Win32.Build.0 = Release|Win32
		{8C50630B-96F5-46EC-B867-BABB36146AE8}.Release|x64.ActiveCfg = Release|x64
		{8C50630B-96F5-46EC-B867-BABB36146AE8}.Release|x64.Build.0 = Release|x64
		{755AD11C-80B9-4E33-9D3D-9A68884A3EC8}.Debug|Win32.ActiveCfg = Debug|Win32
		{755AD11C-80B9-4E33-9D3D-9A68884A3EC8}.Debug|Win32.Build.0 = Debug|Win32
		{755AD11C-80B9-4E33-9D3D-9A68884A3EC8}.Debug|x64.ActiveCfg = Debug|x64
		{755AD11C-80B9-4E33-9D3D-9A68884A3EC8}.Debug|x64.Build.0 = Debug|x64
		{755AD11C-80B9-4E33-9D3D-9A68884A3EC8}.Release|Win32.ActiveCfg = Release|Win32
		{755AD11C-80B9-4E33-9D3D-9A68884A3EC8}.Release|Win32.Build.0 = Release|Win32
		{755AD11C-80B9-4E33-9D3D-9A68884A3EC8}.Release|x64.ActiveCfg = Release|x64
		{755AD11C-80B9-4E33-9D3D-9A68884A3EC8}.Release|x64.Build.0 = Release|x64
		{A76258B4-BAE5-4FAA-B5E3-DB7BE7B43760}.Debug|Win32.ActiveCfg = Debug|Win32
		{A76258B4-BAE5-4FAA-B5E3-DB7BE7B43760}.Debug|Win32.Build.0 = Debug|Win32
		{A76258B4-BAE5-4FAA-B5E3-DB7BE7B43760}.Debug|x64.ActiveCfg = Debug|x64
		{A76258B4-BAE5-4FAA-B5E3-DB7BE7B43760}.Debug|x64.Build.0 = Debug|x64
		{A76258B4-BAE5-4FAA-B5E3-DB7BE7B43760}.Release|Win32.ActiveCfg = Release|Win32
		{A76258B4-BAE5-4FAA-B5E3-DB7BE7B43760}.Release|Win32.Build.0 = Release|Win32
		{A76258B4-BAE5-4FAA-B5E3-DB7BE7B43760}.Release|x64.ActiveCfg = Release|x64
		{A76258B4-BAE5-4FAA-B5E3-DB7BE7B43760}.Release|x64.Build.0 = Release|x64
		{DA7D35BC-F602-4AAC-BF4E-0BF5ED3B9761}.Debug|Win32.ActiveCfg = Debug|Win32
		{DA7D35BC-F602-4AAC-BF4E-0BF5ED3B9761}.Debug|Win32.Build.0 = Debug|Win32
		{DA7D35BC-F602-4AAC-BF4E-0BF5ED3B9761}.Debug|x64.ActiveCfg = Debug|x64
		{DA7D35BC-F602-4AAC-BF4E-0BF5ED3B9761}.Debug|x64.Build.0 = Debug|x64
		{DA7D35BC-F602-4AAC-BF4E-0BF5ED3B9761}.Release|Win32.ActiveCfg = Release|Win32
		{DA7D35BC-F602-4AAC-BF4E-0BF5ED3B9761}.Release|Win32.Build.0 = Release|Win32
		{DA7D35BC-F602-4AAC-BF4E-0BF5ED3B9761}.Release|x64.ActiveCfg = Release|x64
		{DA7D35BC-F602-4AAC-BF4E-0BF5ED3B9761}.Release|x64.Build.0 = Release|x64
		{FDDF7AB6-F714-4C89-869C-8919D26403AA}.Debug|Win32.ActiveCfg = Debug|Win32
		{FDDF7AB6-F714-4C89-869C-8919D26403AA}.Debug|Win32.Build.0 = Debug|Win32
		{FDDF7AB6-F714-4C89-869C-8919D26403AA}.Debug|x64.ActiveCfg = Debug|x64
		{FDDF7AB6-F714-4C89-869C-8919D26403AA}.Debug|x64.Build.0 = Debug|x64
		{FDDF7AB6-F714-4C89-869C-8919D26403AA}.Release|Win32.ActiveCfg = Release|Win32
		{FDDF7AB6-F714-4C89-869C-8919D26403AA}.Release|Win32.Build.0 = Release|Win32
		{FDDF7AB6-F714-4C89-869C-8919D26403AA}.Release|x64.ActiveCfg = Release|x64
		{FDDF7AB6-F714-4C89-869C-8919D26403AA}.Release|x64.Build.0 = Release|x64
		{9271D145-FC64-45B1-A1AF-2BF92C83E65C}.Debug|Win32.ActiveCfg = Debug|Win32
		{9271D145-FC64-45B1-A1AF-2BF92C83E65C}.Debug|Win32.Build.0 = Debug|Win32
		{9271D145-FC64-45B1-A1AF-2BF92C83E65C}.Debug|x64.ActiveCfg = Debug|x64
		{9271D145-FC64-45B1-A1AF-2BF92C83E65C}.Debug|x64.Build.0 = Debug|x64
		{9271D145-FC64-45B1-A1AF-2BF92C83E65C}.Release|Win32.ActiveCfg = Release|Win32
		{9271D145-FC64-45B1-A1AF-2BF92C83E65C}.Release|Win32.Build.0 = Release|Win32
		{9271D145-FC64-45B1-A1AF-2BF92C83E65C}.Release|x64.ActiveCfg = Release|x64
		{9271D145-FC64-45B1-A1AF-2BF92C83E65C}.Release|x64.Build.0 = Release|x64
	EndGlobalSection
	GlobalSection(SolutionProperties) = preSolution
		HideSolutionNode = FALSE
	EndGlobalSection
EndGlobal
