// !$*UTF8*$!
{
	archiveVersion = 1;
	classes = {
	};
	objectVersion = 38;
	objects = {
		014CEA460018CE2711CA2923 = {
			buildRules = (
			);
			buildSettings = {
				COPY_PHASE_STRIP = NO;
				GCC_VERSION = 2.x;
				OPTIMIZATION_CFLAGS = "-O0";
			};
			isa = PBXBuildStyle;
			name = "Development GCC2";
		};
		014CEA470018CE2711CA2923 = {
			buildRules = (
			);
			buildSettings = {
				COPY_PHASE_STRIP = YES;
				GCC_VERSION = 2.x;
			};
			isa = PBXBuildStyle;
			name = "Deployment GCC2";
		};
//010
//011
//012
//013
//014
//020
//021
//022
//023
//024
		0249A660FF388D4511CA2CEA = {
			isa = PBXExecutableFileReference;
			path = XPathWrapper;
			refType = 3;
		};
		0249A662FF388D9811CA2CEA = {
			children = (
				2E8EC25104AF7FE600710281,
				2E8EC25204AF7FE600710281,
			);
			isa = PBXGroup;
			name = "External Frameworks and Libraries";
			refType = 4;
		};
//020
//021
//022
//023
//024
//080
//081
//082
//083
//084
		08FB7793FE84155DC02AAC07 = {
			buildStyles = (
				014CEA460018CE2711CA2923,
				014CEA470018CE2711CA2923,
				F57843050313FA0D01A80065,
				F57843060313FA1301A80065,
			);
			hasScannedForEncodings = 1;
			isa = PBXProject;
			mainGroup = 08FB7794FE84155DC02AAC07;
			projectDirPath = "";
			targets = (
				08FB779FFE84155DC02AAC07,
			);
		};
		08FB7794FE84155DC02AAC07 = {
			children = (
				F52345FA03AE621701A80065,
				2E8EC24804AF7F0D00710281,
				0249A662FF388D9811CA2CEA,
				1AB674ADFE9D54B511CA2CBB,
			);
			isa = PBXGroup;
			name = IDOMPrint;
			refType = 4;
		};
		08FB779FFE84155DC02AAC07 = {
			buildPhases = (
				08FB77A0FE84155DC02AAC07,
				08FB77A1FE84155DC02AAC07,
				08FB77A3FE84155DC02AAC07,
				08FB77A5FE84155DC02AAC07,
			);
			buildSettings = {
				FRAMEWORK_SEARCH_PATHS = "";
				HEADER_SEARCH_PATHS = "../../../../../src/ ../../../../../../../xerces-c-src_2_2_0/src";
				LIBRARY_SEARCH_PATHS = "";
				OTHER_CFLAGS = "-w";
				OTHER_LDFLAGS = "";
				OTHER_REZFLAGS = "";
				PREBINDING = NO;
				PRECOMPILE_PREFIX_HEADER = YES;
				PREFIX_HEADER = ../xalan_sample_prefix.h;
				PRODUCT_NAME = XPathWrapper;
				REZ_EXECUTABLE = YES;
				SECTORDER_FLAGS = "";
				USE_GCC3_PFE_SUPPORT = YES;
				WARNING_CFLAGS = "-Wmost -Wno-four-char-constants -Wno-unknown-pragmas";
			};
			dependencies = (
			);
			isa = PBXToolTarget;
			name = XPathWrapper;
			productName = IDOMPrint;
			productReference = 0249A660FF388D4511CA2CEA;
		};
		08FB77A0FE84155DC02AAC07 = {
			buildActionMask = 2147483647;
			files = (
				F52345FB03AE621701A80065,
				2E8EC25004AF7F0D00710281,
			);
			isa = PBXHeadersBuildPhase;
			runOnlyForDeploymentPostprocessing = 0;
		};
		08FB77A1FE84155DC02AAC07 = {
			buildActionMask = 2147483647;
			files = (
				2E8EC24E04AF7F0D00710281,
				2E8EC24F04AF7F0D00710281,
			);
			isa = PBXSourcesBuildPhase;
			runOnlyForDeploymentPostprocessing = 0;
		};
		08FB77A3FE84155DC02AAC07 = {
			buildActionMask = 2147483647;
			files = (
				2E8EC25304AF7FE600710281,
				2E8EC25404AF7FE600710281,
			);
			isa = PBXFrameworksBuildPhase;
			runOnlyForDeploymentPostprocessing = 0;
		};
		08FB77A5FE84155DC02AAC07 = {
			buildActionMask = 2147483647;
			files = (
			);
			isa = PBXRezBuildPhase;
			runOnlyForDeploymentPostprocessing = 0;
		};
//080
//081
//082
//083
//084
//1A0
//1A1
//1A2
//1A3
//1A4
		1AB674ADFE9D54B511CA2CBB = {
			children = (
				0249A660FF388D4511CA2CEA,
			);
			isa = PBXGroup;
			name = Products;
			refType = 4;
		};
//1A0
//1A1
//1A2
//1A3
//1A4
//2E0
//2E1
//2E2
//2E3
//2E4
		2E8EC24804AF7F0D00710281 = {
			children = (
				2E8EC24904AF7F0D00710281,
				2E8EC24A04AF7F0D00710281,
				2E8EC24C04AF7F0D00710281,
				2E8EC24D04AF7F0D00710281,
			);
			isa = PBXGroup;
			name = XPathWrapper;
			path = ../../../../../samples/XPathWrapper;
			refType = 4;
		};
		2E8EC24904AF7F0D00710281 = {
			fileEncoding = 30;
			isa = PBXFileReference;
			path = foo.xml;
			refType = 4;
		};
		2E8EC24A04AF7F0D00710281 = {
			fileEncoding = 30;
			isa = PBXFileReference;
			path = TestDriver.cpp;
			refType = 4;
		};
		2E8EC24C04AF7F0D00710281 = {
			fileEncoding = 30;
			isa = PBXFileReference;
			path = XPathWrapper.cpp;
			refType = 4;
		};
		2E8EC24D04AF7F0D00710281 = {
			fileEncoding = 30;
			isa = PBXFileReference;
			path = XPathWrapper.hpp;
			refType = 4;
		};
		2E8EC24E04AF7F0D00710281 = {
			fileRef = 2E8EC24A04AF7F0D00710281;
			isa = PBXBuildFile;
			settings = {
			};
		};
		2E8EC24F04AF7F0D00710281 = {
			fileRef = 2E8EC24C04AF7F0D00710281;
			isa = PBXBuildFile;
			settings = {
			};
		};
		2E8EC25004AF7F0D00710281 = {
			fileRef = 2E8EC24D04AF7F0D00710281;
			isa = PBXBuildFile;
			settings = {
			};
		};
		2E8EC25104AF7FE600710281 = {
			isa = PBXFrameworkReference;
			path = Xalan.framework;
			refType = 3;
		};
		2E8EC25204AF7FE600710281 = {
			isa = PBXFrameworkReference;
			path = Xerces.framework;
			refType = 3;
		};
		2E8EC25304AF7FE600710281 = {
			fileRef = 2E8EC25104AF7FE600710281;
			isa = PBXBuildFile;
			settings = {
			};
		};
		2E8EC25404AF7FE600710281 = {
			fileRef = 2E8EC25204AF7FE600710281;
			isa = PBXBuildFile;
			settings = {
			};
		};
//2E0
//2E1
//2E2
//2E3
//2E4
//F50
//F51
//F52
//F53
//F54
		F52345FA03AE621701A80065 = {
			fileEncoding = 30;
			isa = PBXFileReference;
			name = xalan_sample_prefix.h;
			path = ../xalan_sample_prefix.h;
			refType = 4;
		};
		F52345FB03AE621701A80065 = {
			fileRef = F52345FA03AE621701A80065;
			isa = PBXBuildFile;
			settings = {
			};
		};
		F57843050313FA0D01A80065 = {
			buildRules = (
			);
			buildSettings = {
				COPY_PHASE_STRIP = NO;
				OPTIMIZATION_CFLAGS = "-O0";
			};
			isa = PBXBuildStyle;
			name = "Development GCC3";
		};
		F57843060313FA1301A80065 = {
			buildRules = (
			);
			buildSettings = {
				COPY_PHASE_STRIP = YES;
			};
			isa = PBXBuildStyle;
			name = "Deployment GCC3";
		};
	};
	rootObject = 08FB7793FE84155DC02AAC07;
}
